
Microsoft Visual Studio Solution File, Format Version 11.00
# Visual Studio 2010
Project("{2150E333-8FDC-42A3-9474-1A3956D46DE8}") = "Solution Items", "Solution Items", "{555905F9-5F25-4E8C-A424-19FA49712EBC}"
	ProjectSection(SolutionItems) = preProject
		Impacta.Testes.vsmdi = Impacta.Testes.vsmdi
		Impacta.Testes1.vsmdi = Impacta.Testes1.vsmdi
		LocalTestRun.testrunconfig = LocalTestRun.testrunconfig
	EndProjectSection
EndProject
Project("{FAE04EC0-301F-11D3-BF4B-00C04F79EFBC}") = "Impacta.Testes", "Impacta.Testes\Impacta.Testes.csproj", "{03A7DD3B-CB0D-45FC-891E-777C90447E01}"
EndProject
Project("{FAE04EC0-301F-11D3-BF4B-00C04F79EFBC}") = "Impacta.Scanner", "Impacta.Scanner\Impacta.Scanner.csproj", "{BDEB1C55-2B59-4847-8CB9-A4FE4FB7860E}"
EndProject
Project("{FAE04EC0-301F-11D3-BF4B-00C04F79EFBC}") = "Impacta.Controles", "Impacta.Controles\Impacta.Controles.csproj", "{2BA2C743-910F-42C2-992A-325ABBEB5283}"
EndProject
Project("{C8D11400-126E-41CD-887F-60BD40844F9E}") = "ImpactaCSharp1.Database", "ImpactaCSharp1.Database\ImpactaCSharp1.Database.dbproj", "{67CBC824-A49E-4E9B-A947-360F3DFE65C3}"
EndProject
Project("{FAE04EC0-301F-11D3-BF4B-00C04F79EFBC}") = "Impacta.Plantao.WindowsForms", "Impacta.Plantao.WindowsForms\Impacta.Plantao.WindowsForms.csproj", "{C2206A15-EBCB-4DC0-9B90-01A5FE5C5222}"
EndProject
Project("{FAE04EC0-301F-11D3-BF4B-00C04F79EFBC}") = "Impacta.Infra.Apoio", "Impacta.Infra.Apoio\Impacta.Infra.Apoio.csproj", "{7C69611C-F3BB-417D-95B7-03C52BC0D0E6}"
EndProject
Project("{C8D11400-126E-41CD-887F-60BD40844F9E}") = "ImpactaCSharp1.Database.Wizard", "ImpactaCSharp1.Database.Wizard\ImpactaCSharp1.Database.Wizard.dbproj", "{8FC21BB1-1EA6-46F2-BC4E-566CBE545A72}"
EndProject
Project("{54435603-DBB4-11D2-8724-00A0C9A8B90C}") = "Impacta.Plantao.WindowsForms.Setup", "Impacta.Plantao.WindowsForms.Setup\Impacta.Plantao.WindowsForms.Setup.vdproj", "{FDB25119-646C-452E-B83F-68EFE6F5D312}"
EndProject
Project("{FAE04EC0-301F-11D3-BF4B-00C04F79EFBC}") = "Impacta.Infra.Apoio.Setup", "Impacta.Infra.Apoio.Setup\Impacta.Infra.Apoio.Setup.csproj", "{EBEE2783-88F0-4745-B63C-411DC75A28FC}"
EndProject
Global
	GlobalSection(TeamFoundationVersionControl) = preSolution
		SccNumberOfProjects = 10
		SccEnterpriseProvider = {4CA58AB2-18FA-4F8D-95D4-32DDF27D184C}
		SccTeamFoundationServer = https://tfs.codeplex.com/tfs/tfs24
		SccLocalPath0 = .
		SccProjectUniqueName1 = Impacta.Controles\\Impacta.Controles.csproj
		SccProjectName1 = Impacta.Controles
		SccLocalPath1 = Impacta.Controles
		SccProjectUniqueName2 = Impacta.Scanner\\Impacta.Scanner.csproj
		SccProjectName2 = Impacta.Scanner
		SccLocalPath2 = Impacta.Scanner
		SccProjectUniqueName3 = Impacta.Testes\\Impacta.Testes.csproj
		SccProjectName3 = Impacta.Testes
		SccLocalPath3 = Impacta.Testes
		SccProjectUniqueName4 = ImpactaCSharp1.Database\\ImpactaCSharp1.Database.dbproj
		SccProjectName4 = ImpactaCSharp1.Database
		SccLocalPath4 = ImpactaCSharp1.Database
		SccProjectUniqueName5 = Impacta.Plantao.WindowsForms\\Impacta.Plantao.WindowsForms.csproj
		SccProjectName5 = Impacta.Plantao.WindowsForms
		SccLocalPath5 = Impacta.Plantao.WindowsForms
		SccProjectUniqueName6 = Impacta.Infra.Apoio\\Impacta.Infra.Apoio.csproj
		SccProjectName6 = Impacta.Infra.Apoio
		SccLocalPath6 = Impacta.Infra.Apoio
		SccProjectUniqueName7 = ImpactaCSharp1.Database.Wizard\\ImpactaCSharp1.Database.Wizard.dbproj
		SccProjectName7 = ImpactaCSharp1.Database.Wizard
		SccLocalPath7 = ImpactaCSharp1.Database.Wizard
		SccProjectUniqueName8 = Impacta.Plantao.WindowsForms.Setup\\Impacta.Plantao.WindowsForms.Setup.vdproj
		SccProjectName8 = Impacta.Plantao.WindowsForms.Setup
		SccLocalPath8 = Impacta.Plantao.WindowsForms.Setup
		SccProjectUniqueName9 = Impacta.Infra.Apoio.Setup\\Impacta.Infra.Apoio.Setup.csproj
		SccProjectName9 = Impacta.Infra.Apoio.Setup
		SccLocalPath9 = Impacta.Infra.Apoio.Setup
	EndGlobalSection
	GlobalSection(TestCaseManagementSettings) = postSolution
		CategoryFile = Impacta.Testes1.vsmdi
	EndGlobalSection
	GlobalSection(SolutionConfigurationPlatforms) = preSolution
		Debug|Any CPU = Debug|Any CPU
		Debug|Mixed Platforms = Debug|Mixed Platforms
		Debug|x86 = Debug|x86
		Release|Any CPU = Release|Any CPU
		Release|Mixed Platforms = Release|Mixed Platforms
		Release|x86 = Release|x86
	EndGlobalSection
	GlobalSection(ProjectConfigurationPlatforms) = postSolution
		{03A7DD3B-CB0D-45FC-891E-777C90447E01}.Debug|Any CPU.ActiveCfg = Debug|Any CPU
		{03A7DD3B-CB0D-45FC-891E-777C90447E01}.Debug|Any CPU.Build.0 = Debug|Any CPU
		{03A7DD3B-CB0D-45FC-891E-777C90447E01}.Debug|Mixed Platforms.ActiveCfg = Debug|Any CPU
		{03A7DD3B-CB0D-45FC-891E-777C90447E01}.Debug|Mixed Platforms.Build.0 = Debug|Any CPU
		{03A7DD3B-CB0D-45FC-891E-777C90447E01}.Debug|x86.ActiveCfg = Debug|Any CPU
		{03A7DD3B-CB0D-45FC-891E-777C90447E01}.Release|Any CPU.ActiveCfg = Release|Any CPU
		{03A7DD3B-CB0D-45FC-891E-777C90447E01}.Release|Any CPU.Build.0 = Release|Any CPU
		{03A7DD3B-CB0D-45FC-891E-777C90447E01}.Release|Mixed Platforms.ActiveCfg = Release|Any CPU
		{03A7DD3B-CB0D-45FC-891E-777C90447E01}.Release|Mixed Platforms.Build.0 = Release|Any CPU
		{03A7DD3B-CB0D-45FC-891E-777C90447E01}.Release|x86.ActiveCfg = Release|Any CPU
		{BDEB1C55-2B59-4847-8CB9-A4FE4FB7860E}.Debug|Any CPU.ActiveCfg = Debug|x86
		{BDEB1C55-2B59-4847-8CB9-A4FE4FB7860E}.Debug|Mixed Platforms.ActiveCfg = Debug|x86
		{BDEB1C55-2B59-4847-8CB9-A4FE4FB7860E}.Debug|Mixed Platforms.Build.0 = Debug|x86
		{BDEB1C55-2B59-4847-8CB9-A4FE4FB7860E}.Debug|x86.ActiveCfg = Debug|x86
		{BDEB1C55-2B59-4847-8CB9-A4FE4FB7860E}.Debug|x86.Build.0 = Debug|x86
		{BDEB1C55-2B59-4847-8CB9-A4FE4FB7860E}.Release|Any CPU.ActiveCfg = Release|x86
		{BDEB1C55-2B59-4847-8CB9-A4FE4FB7860E}.Release|Mixed Platforms.ActiveCfg = Release|x86
		{BDEB1C55-2B59-4847-8CB9-A4FE4FB7860E}.Release|Mixed Platforms.Build.0 = Release|x86
		{BDEB1C55-2B59-4847-8CB9-A4FE4FB7860E}.Release|x86.ActiveCfg = Release|x86
		{BDEB1C55-2B59-4847-8CB9-A4FE4FB7860E}.Release|x86.Build.0 = Release|x86
		{2BA2C743-910F-42C2-992A-325ABBEB5283}.Debug|Any CPU.ActiveCfg = Debug|x86
		{2BA2C743-910F-42C2-992A-325ABBEB5283}.Debug|Mixed Platforms.ActiveCfg = Debug|x86
		{2BA2C743-910F-42C2-992A-325ABBEB5283}.Debug|Mixed Platforms.Build.0 = Debug|x86
		{2BA2C743-910F-42C2-992A-325ABBEB5283}.Debug|x86.ActiveCfg = Debug|x86
		{2BA2C743-910F-42C2-992A-325ABBEB5283}.Debug|x86.Build.0 = Debug|x86
		{2BA2C743-910F-42C2-992A-325ABBEB5283}.Release|Any CPU.ActiveCfg = Release|x86
		{2BA2C743-910F-42C2-992A-325ABBEB5283}.Release|Mixed Platforms.ActiveCfg = Release|x86
		{2BA2C743-910F-42C2-992A-325ABBEB5283}.Release|Mixed Platforms.Build.0 = Release|x86
		{2BA2C743-910F-42C2-992A-325ABBEB5283}.Release|x86.ActiveCfg = Release|x86
		{2BA2C743-910F-42C2-992A-325ABBEB5283}.Release|x86.Build.0 = Release|x86
		{67CBC824-A49E-4E9B-A947-360F3DFE65C3}.Debug|Any CPU.ActiveCfg = Debug|Any CPU
		{67CBC824-A49E-4E9B-A947-360F3DFE65C3}.Debug|Any CPU.Build.0 = Debug|Any CPU
		{67CBC824-A49E-4E9B-A947-360F3DFE65C3}.Debug|Any CPU.Deploy.0 = Debug|Any CPU
		{67CBC824-A49E-4E9B-A947-360F3DFE65C3}.Debug|Mixed Platforms.ActiveCfg = Debug|Any CPU
		{67CBC824-A49E-4E9B-A947-360F3DFE65C3}.Debug|Mixed Platforms.Build.0 = Debug|Any CPU
		{67CBC824-A49E-4E9B-A947-360F3DFE65C3}.Debug|x86.ActiveCfg = Debug|Any CPU
		{67CBC824-A49E-4E9B-A947-360F3DFE65C3}.Release|Any CPU.ActiveCfg = Release|Any CPU
		{67CBC824-A49E-4E9B-A947-360F3DFE65C3}.Release|Any CPU.Build.0 = Release|Any CPU
		{67CBC824-A49E-4E9B-A947-360F3DFE65C3}.Release|Any CPU.Deploy.0 = Release|Any CPU
		{67CBC824-A49E-4E9B-A947-360F3DFE65C3}.Release|Mixed Platforms.ActiveCfg = Release|Any CPU
		{67CBC824-A49E-4E9B-A947-360F3DFE65C3}.Release|Mixed Platforms.Build.0 = Release|Any CPU
		{67CBC824-A49E-4E9B-A947-360F3DFE65C3}.Release|Mixed Platforms.Deploy.0 = Release|Any CPU
		{67CBC824-A49E-4E9B-A947-360F3DFE65C3}.Release|x86.ActiveCfg = Release|Any CPU
		{C2206A15-EBCB-4DC0-9B90-01A5FE5C5222}.Debug|Any CPU.ActiveCfg = Debug|x86
		{C2206A15-EBCB-4DC0-9B90-01A5FE5C5222}.Debug|Mixed Platforms.ActiveCfg = Debug|x86
		{C2206A15-EBCB-4DC0-9B90-01A5FE5C5222}.Debug|Mixed Platforms.Build.0 = Debug|x86
		{C2206A15-EBCB-4DC0-9B90-01A5FE5C5222}.Debug|x86.ActiveCfg = Debug|x86
		{C2206A15-EBCB-4DC0-9B90-01A5FE5C5222}.Debug|x86.Build.0 = Debug|x86
		{C2206A15-EBCB-4DC0-9B90-01A5FE5C5222}.Release|Any CPU.ActiveCfg = Release|x86
		{C2206A15-EBCB-4DC0-9B90-01A5FE5C5222}.Release|Mixed Platforms.ActiveCfg = Release|x86
		{C2206A15-EBCB-4DC0-9B90-01A5FE5C5222}.Release|Mixed Platforms.Build.0 = Release|x86
		{C2206A15-EBCB-4DC0-9B90-01A5FE5C5222}.Release|x86.ActiveCfg = Release|x86
		{C2206A15-EBCB-4DC0-9B90-01A5FE5C5222}.Release|x86.Build.0 = Release|x86
		{7C69611C-F3BB-417D-95B7-03C52BC0D0E6}.Debug|Any CPU.ActiveCfg = Debug|Any CPU
		{7C69611C-F3BB-417D-95B7-03C52BC0D0E6}.Debug|Any CPU.Build.0 = Debug|Any CPU
		{7C69611C-F3BB-417D-95B7-03C52BC0D0E6}.Debug|Mixed Platforms.ActiveCfg = Debug|Any CPU
		{7C69611C-F3BB-417D-95B7-03C52BC0D0E6}.Debug|Mixed Platforms.Build.0 = Debug|Any CPU
		{7C69611C-F3BB-417D-95B7-03C52BC0D0E6}.Debug|x86.ActiveCfg = Debug|Any CPU
		{7C69611C-F3BB-417D-95B7-03C52BC0D0E6}.Release|Any CPU.ActiveCfg = Release|Any CPU
		{7C69611C-F3BB-417D-95B7-03C52BC0D0E6}.Release|Any CPU.Build.0 = Release|Any CPU
		{7C69611C-F3BB-417D-95B7-03C52BC0D0E6}.Release|Mixed Platforms.ActiveCfg = Release|Any CPU
		{7C69611C-F3BB-417D-95B7-03C52BC0D0E6}.Release|Mixed Platforms.Build.0 = Release|Any CPU
		{7C69611C-F3BB-417D-95B7-03C52BC0D0E6}.Release|x86.ActiveCfg = Release|Any CPU
		{8FC21BB1-1EA6-46F2-BC4E-566CBE545A72}.Debug|Any CPU.ActiveCfg = Debug|Any CPU
		{8FC21BB1-1EA6-46F2-BC4E-566CBE545A72}.Debug|Any CPU.Build.0 = Debug|Any CPU
		{8FC21BB1-1EA6-46F2-BC4E-566CBE545A72}.Debug|Any CPU.Deploy.0 = Debug|Any CPU
		{8FC21BB1-1EA6-46F2-BC4E-566CBE545A72}.Debug|Mixed Platforms.ActiveCfg = Debug|Any CPU
		{8FC21BB1-1EA6-46F2-BC4E-566CBE545A72}.Debug|Mixed Platforms.Build.0 = Debug|Any CPU
		{8FC21BB1-1EA6-46F2-BC4E-566CBE545A72}.Debug|Mixed Platforms.Deploy.0 = Debug|Any CPU
		{8FC21BB1-1EA6-46F2-BC4E-566CBE545A72}.Debug|x86.ActiveCfg = Debug|Any CPU
		{8FC21BB1-1EA6-46F2-BC4E-566CBE545A72}.Release|Any CPU.ActiveCfg = Release|Any CPU
		{8FC21BB1-1EA6-46F2-BC4E-566CBE545A72}.Release|Any CPU.Build.0 = Release|Any CPU
		{8FC21BB1-1EA6-46F2-BC4E-566CBE545A72}.Release|Any CPU.Deploy.0 = Release|Any CPU
		{8FC21BB1-1EA6-46F2-BC4E-566CBE545A72}.Release|Mixed Platforms.ActiveCfg = Release|Any CPU
		{8FC21BB1-1EA6-46F2-BC4E-566CBE545A72}.Release|Mixed Platforms.Build.0 = Release|Any CPU
		{8FC21BB1-1EA6-46F2-BC4E-566CBE545A72}.Release|Mixed Platforms.Deploy.0 = Release|Any CPU
		{8FC21BB1-1EA6-46F2-BC4E-566CBE545A72}.Release|x86.ActiveCfg = Release|Any CPU
		{FDB25119-646C-452E-B83F-68EFE6F5D312}.Debug|Any CPU.ActiveCfg = Debug
		{FDB25119-646C-452E-B83F-68EFE6F5D312}.Debug|Mixed Platforms.ActiveCfg = Debug
		{FDB25119-646C-452E-B83F-68EFE6F5D312}.Debug|x86.ActiveCfg = Debug
		{FDB25119-646C-452E-B83F-68EFE6F5D312}.Release|Any CPU.ActiveCfg = Release
		{FDB25119-646C-452E-B83F-68EFE6F5D312}.Release|Mixed Platforms.ActiveCfg = Release
		{FDB25119-646C-452E-B83F-68EFE6F5D312}.Release|x86.ActiveCfg = Release
		{EBEE2783-88F0-4745-B63C-411DC75A28FC}.Debug|Any CPU.ActiveCfg = Debug|Any CPU
		{EBEE2783-88F0-4745-B63C-411DC75A28FC}.Debug|Any CPU.Build.0 = Debug|Any CPU
		{EBEE2783-88F0-4745-B63C-411DC75A28FC}.Debug|Mixed Platforms.ActiveCfg = Debug|Any CPU
		{EBEE2783-88F0-4745-B63C-411DC75A28FC}.Debug|Mixed Platforms.Build.0 = Debug|Any CPU
		{EBEE2783-88F0-4745-B63C-411DC75A28FC}.Debug|x86.ActiveCfg = Debug|Any CPU
		{EBEE2783-88F0-4745-B63C-411DC75A28FC}.Release|Any CPU.ActiveCfg = Release|Any CPU
		{EBEE2783-88F0-4745-B63C-411DC75A28FC}.Release|Any CPU.Build.0 = Release|Any CPU
		{EBEE2783-88F0-4745-B63C-411DC75A28FC}.Release|Mixed Platforms.ActiveCfg = Release|Any CPU
		{EBEE2783-88F0-4745-B63C-411DC75A28FC}.Release|Mixed Platforms.Build.0 = Release|Any CPU
		{EBEE2783-88F0-4745-B63C-411DC75A28FC}.Release|x86.ActiveCfg = Release|Any CPU
	EndGlobalSection
	GlobalSection(SolutionProperties) = preSolution
		HideSolutionNode = FALSE
	EndGlobalSection
EndGlobal
