
Microsoft Visual Studio Solution File, Format Version 12.00
# Visual Studio 2013
VisualStudioVersion = 12.0.30723.0
MinimumVisualStudioVersion = 10.0.40219.1
Project("{2150E333-8FDC-42A3-9474-1A3956D46DE8}") = "Laboratorios", "Laboratorios", "{58F5243B-3BDB-437B-AEE3-E80C83790294}"
EndProject
Project("{2150E333-8FDC-42A3-9474-1A3956D46DE8}") = "Testes", "Testes", "{B52D37B3-6D4B-4F5A-9FF2-56BEC4CC6421}"
EndProject
Project("{2150E333-8FDC-42A3-9474-1A3956D46DE8}") = "Solution Items", "Solution Items", "{52A6238E-4D33-49CF-A5AD-3EA49B38E570}"
	ProjectSection(SolutionItems) = preProject
		ImpactaCSharp1.vsmdi = ImpactaCSharp1.vsmdi
		ImpactaCSharp11.vsmdi = ImpactaCSharp11.vsmdi
		ImpactaCSharp12.vsmdi = ImpactaCSharp12.vsmdi
		ImpactaCSharp13.vsmdi = ImpactaCSharp13.vsmdi
		ImpactaCSharp14.vsmdi = ImpactaCSharp14.vsmdi
		ImpactaCSharp15.vsmdi = ImpactaCSharp15.vsmdi
		LocalTestRun.testrunconfig = LocalTestRun.testrunconfig
	EndProjectSection
EndProject
Project("{FAE04EC0-301F-11D3-BF4B-00C04F79EFBC}") = "Impacta.Capitulo02.Lembretes", "Impacta.Capitulo02.Alertas\Impacta.Capitulo02.Lembretes.csproj", "{3548537F-DDD5-4E83-80C1-206FBDD58B84}"
EndProject
Project("{FAE04EC0-301F-11D3-BF4B-00C04F79EFBC}") = "Impacta.Capitulo02.Visualizador", "Impacta.Capitulo02.Visualizador\Impacta.Capitulo02.Visualizador.csproj", "{46733213-C601-4A1E-B3A7-5464B2751689}"
EndProject
Project("{FAE04EC0-301F-11D3-BF4B-00C04F79EFBC}") = "Impacta.Capitulo01.HelloWorld", "Impacta.Capitulo01.HelloWorld\Impacta.Capitulo01.HelloWorld.csproj", "{6A85C814-7FB5-45A2-A3CC-E22F38480269}"
EndProject
Project("{FAE04EC0-301F-11D3-BF4B-00C04F79EFBC}") = "Impacta.Capitulo03.Operadores", "Impacta.Capitulo03.Operadores\Impacta.Capitulo03.Operadores.csproj", "{029BB895-E97F-4632-A6EE-B1CF7F3704B1}"
EndProject
Project("{FAE04EC0-301F-11D3-BF4B-00C04F79EFBC}") = "Impacta.Capitulo03.Medias", "Impacta.Capitulo03.Medias\Impacta.Capitulo03.Medias.csproj", "{A8A0D70D-4016-4E83-869F-5728F06E55CF}"
EndProject
Project("{FAE04EC0-301F-11D3-BF4B-00C04F79EFBC}") = "Impacta.Capitulo04.Frete", "Impacta.Capitulo04.Frete\Impacta.Capitulo04.Frete.csproj", "{6A88B189-5BD9-4097-AD47-76AB6CE7D61F}"
EndProject
Project("{FAE04EC0-301F-11D3-BF4B-00C04F79EFBC}") = "Impacta.Infra.Apoio", "Impacta.Infra.Apoio\Impacta.Infra.Apoio.csproj", "{FD6F45C4-9958-4EDE-A068-BE52DBDC1DB8}"
EndProject
Project("{FAE04EC0-301F-11D3-BF4B-00C04F79EFBC}") = "CSharp1.Capitulo05.Tabuada", "Impacta.Capitulo04.Tabuada\CSharp1.Capitulo05.Tabuada.csproj", "{15E6B672-ACAB-497F-810C-1C3EDD7E7C10}"
EndProject
Project("{FAE04EC0-301F-11D3-BF4B-00C04F79EFBC}") = "Impacta.Capitulo04.Repeticao.Teste", "Impacta.Capitulo04.Repeticao.Teste\Impacta.Capitulo04.Repeticao.Teste.csproj", "{51360CD8-377F-4A2D-A297-814E6DA2D741}"
EndProject
Project("{FAE04EC0-301F-11D3-BF4B-00C04F79EFBC}") = "Impacta.Capitulo03.Medias.OO", "Impacta.Capitulo03.Medias.OO\Impacta.Capitulo03.Medias.OO.csproj", "{4A908D16-267E-4D3A-B0A8-0D1C7F0501B3}"
EndProject
Project("{FAE04EC0-301F-11D3-BF4B-00C04F79EFBC}") = "Impacta.Dominio", "Impacta.Dominio\Impacta.Dominio.csproj", "{07592283-A1AC-4CDA-985C-1027BEFBDD7A}"
EndProject
Project("{FAE04EC0-301F-11D3-BF4B-00C04F79EFBC}") = "Impacta.Capitulo07.Consumo", "Impacta.Capitulo07.Consumo\Impacta.Capitulo07.Consumo.csproj", "{A48B6647-DDA6-49BB-91EB-CBF30E86F66F}"
EndProject
Project("{FAE04EC0-301F-11D3-BF4B-00C04F79EFBC}") = "Impacta.Dominio.Teste", "Impacta.Dominio.Teste\Impacta.Dominio.Teste.csproj", "{F35EFFF8-4157-4158-BFD3-01FC0207791B}"
EndProject
Project("{FAE04EC0-301F-11D3-BF4B-00C04F79EFBC}") = "Impacta.Capitulo08.ValorReferencia.Teste", "Impacta.Capitulo08.ValorReferencia.Teste\Impacta.Capitulo08.ValorReferencia.Teste.csproj", "{D06025EE-9491-4BE9-9DAD-FC67CB0E735C}"
EndProject
Project("{FAE04EC0-301F-11D3-BF4B-00C04F79EFBC}") = "Impacta.Capitulo09.GC", "Impacta.Capitulo09.GC\Impacta.Capitulo09.GC.csproj", "{4FF7DE70-F716-41A9-9486-ADA4855BBD88}"
EndProject
Project("{FAE04EC0-301F-11D3-BF4B-00C04F79EFBC}") = "Impacta.Capitulo10.Delegates", "Impacta.Capitulo10.Delegates\Impacta.Capitulo10.Delegates.csproj", "{F789FFCE-08B7-4414-9355-9E7E57190035}"
EndProject
Project("{FAE04EC0-301F-11D3-BF4B-00C04F79EFBC}") = "CSharp1.Capitulo03.Clientes", "CSharp1.Capitulo04.Cliente\CSharp1.Capitulo03.Clientes.csproj", "{F8CED8F8-594E-42F8-81A7-09B2C1E29E5E}"
EndProject
Project("{FAE04EC0-301F-11D3-BF4B-00C04F79EFBC}") = "CSharp1.Capitulo04.HelloWorld", "CSharp1.Capitulo04.HelloWorld\CSharp1.Capitulo04.HelloWorld.csproj", "{89E094ED-372D-45F7-AE27-D3E774C7576C}"
EndProject
Project("{FAE04EC0-301F-11D3-BF4B-00C04F79EFBC}") = "CSharp1.Capitulo06.Clientes", "CSharp1.Capitulo06.Clientes\CSharp1.Capitulo06.Clientes.csproj", "{D8EC703C-7845-45E7-85DD-7A4997BBB52D}"
EndProject
Project("{FAE04EC0-301F-11D3-BF4B-00C04F79EFBC}") = "Impacta.Infra.Repositorios.SistemaDeArquivos", "Impacta.Infra.Repositorios.SistemaDeArquivos\Impacta.Infra.Repositorios.SistemaDeArquivos.csproj", "{B07AAC5D-8A83-4D05-B2BC-86385A36BB9F}"
EndProject
Project("{FAE04EC0-301F-11D3-BF4B-00C04F79EFBC}") = "CSharp1.Capitulo09.InternetSpy.WindowsService", "CSharp1.Capitulo09.WindowsService\CSharp1.Capitulo09.InternetSpy.WindowsService.csproj", "{4A080079-941B-41C5-9D8D-F20A4A0CCCAD}"
EndProject
Project("{FAE04EC0-301F-11D3-BF4B-00C04F79EFBC}") = "Impacta.Infra.Apoio.Testes", "Impacta.Infra.Apoio.Testes\Impacta.Infra.Apoio.Testes.csproj", "{E31FE144-68C8-4CD6-B85D-4DFA24C3358A}"
EndProject
Project("{FAE04EC0-301F-11D3-BF4B-00C04F79EFBC}") = "CSharp1.Capitulo09.InternetSpy.WindowsForms", "CSharp1.Capitulo09.InternetSpy.WindowsForms\CSharp1.Capitulo09.InternetSpy.WindowsForms.csproj", "{81330947-8EC3-4717-A061-BBC34A6C1C5D}"
EndProject
Project("{FAE04EC0-301F-11D3-BF4B-00C04F79EFBC}") = "CSharp1.Capitulo11.Eventos.Starter", "Impacta.Capitulo10.Eventos.Starter\CSharp1.Capitulo11.Eventos.Starter.csproj", "{DD3879A5-7432-4A0A-886C-D96BAE16B33C}"
EndProject
Project("{FAE04EC0-301F-11D3-BF4B-00C04F79EFBC}") = "Impacta.Capitulo10.Eventos", "Impacta.Capitulo10.Eventos\Impacta.Capitulo10.Eventos.csproj", "{8D555A9B-76BF-44C2-8B29-AD28F753B38C}"
EndProject
Project("{FAE04EC0-301F-11D3-BF4B-00C04F79EFBC}") = "CSharp1.Capitulo09.Produtos", "Impacta.Capitulo09.Produtos\CSharp1.Capitulo09.Produtos.csproj", "{CBB46217-4B10-4B47-A511-8D5343922364}"
EndProject
Project("{FAE04EC0-301F-11D3-BF4B-00C04F79EFBC}") = "Impacta.Infra.Repositorios.SqlServer", "Impacta.Infra.Repositorios.SqlServer\Impacta.Infra.Repositorios.SqlServer.csproj", "{009EBBEF-FB64-4B05-812D-903534E3E3DB}"
EndProject
Project("{FAE04EC0-301F-11D3-BF4B-00C04F79EFBC}") = "CSharp1.Capitulo11.Eventos", "CSharp1.Capitulo11.Eventos\CSharp1.Capitulo11.Eventos.csproj", "{D95916A9-095F-426D-83AD-CB40629277CD}"
EndProject
Project("{FAE04EC0-301F-11D3-BF4B-00C04F79EFBC}") = "Impacta.Infra.Repositorios.MsOffice", "Impacta.Infra.Repositorios.MsOffice\Impacta.Infra.Repositorios.MsOffice.csproj", "{58AFC2D7-60F4-4747-A630-E869144A030A}"
EndProject
Project("{FAE04EC0-301F-11D3-BF4B-00C04F79EFBC}") = "CSharp1.Capitulo09.Produtos.Wpf", "CSharp1.Capitulo09.Produtos.Wpf\CSharp1.Capitulo09.Produtos.Wpf.csproj", "{A274910B-2ECD-4FD9-B08C-2EE58E8C2811}"
EndProject
Project("{FAE04EC0-301F-11D3-BF4B-00C04F79EFBC}") = "Impacta.Infra.Repositorios.SistemaDeArquivos.Testes", "Impacta.Infra.Repositorios.SistemaDeArquivos.Testes\Impacta.Infra.Repositorios.SistemaDeArquivos.Testes.csproj", "{47755644-FB6D-4CBD-863F-5BC1D4DAE818}"
EndProject
Project("{FAE04EC0-301F-11D3-BF4B-00C04F79EFBC}") = "CSharp1.Capitulo04.Fretes", "CSharp1.Capitulo04.Fretes\CSharp1.Capitulo04.Fretes.csproj", "{5F1CDF6B-059F-40F4-81D4-0688D55E7B69}"
EndProject
Project("{FAE04EC0-301F-11D3-BF4B-00C04F79EFBC}") = "Impacta.Infra.Repositorios.MsOffice.Testes", "Impacta.Infra.Repositorios.MsOffice.Testes\Impacta.Infra.Repositorios.MsOffice.Testes.csproj", "{6547D32C-F95A-4C13-9941-EF28AE05F3D9}"
EndProject
Project("{FAE04EC0-301F-11D3-BF4B-00C04F79EFBC}") = "CSharp1.Capitulo03.Troco", "CSharp1.Capitulo03.Troco\CSharp1.Capitulo03.Troco.csproj", "{DB61641F-BBE1-40C4-9C62-4AD6C25665C2}"
EndProject
Project("{FAE04EC0-301F-11D3-BF4B-00C04F79EFBC}") = "CSharp1.Capitulo08.Vetores.Testes", "CSharp1.Capitulo08.Vetores\CSharp1.Capitulo08.Vetores.Testes.csproj", "{F3B89E34-E281-4F9F-BEB2-C628D6577B17}"
EndProject
Project("{FAE04EC0-301F-11D3-BF4B-00C04F79EFBC}") = "CSharp1.Capitulo09.Colecoes.Testes", "CSharp1.Capitulo09.Colecoes.Testes\CSharp1.Capitulo09.Colecoes.Testes.csproj", "{1F101D47-27D5-439B-887F-BA5AEC97994E}"
EndProject
Project("{FAE04EC0-301F-11D3-BF4B-00C04F79EFBC}") = "CSharp1.Capitulo11.Veiculos", "CSharp1.Capitulo11.Veiculos\CSharp1.Capitulo11.Veiculos.csproj", "{B86F0AC7-4B7A-41B6-A687-8E39D206D38B}"
EndProject
Project("{FAE04EC0-301F-11D3-BF4B-00C04F79EFBC}") = "DescarteSeguro.Testes", "DescarteSeguroTestes\DescarteSeguro.Testes.csproj", "{BF32EBE7-0622-4C7F-99A8-063C798B55F0}"
EndProject
Global
	GlobalSection(TeamFoundationVersionControl) = preSolution
		SccNumberOfProjects = 39
		SccEnterpriseProvider = {4CA58AB2-18FA-4F8D-95D4-32DDF27D184C}
		SccTeamFoundationServer = https://tfs.codeplex.com/tfs/tfs24
		SccLocalPath0 = .
		SccProjectUniqueName1 = CSharp1.Capitulo04.Cliente\\CSharp1.Capitulo03.Clientes.csproj
		SccProjectTopLevelParentUniqueName1 = ImpactaCSharp1.sln
		SccProjectName1 = CSharp1.Capitulo04.Cliente
		SccLocalPath1 = CSharp1.Capitulo04.Cliente
		SccProjectUniqueName2 = CSharp1.Capitulo04.HelloWorld\\CSharp1.Capitulo04.HelloWorld.csproj
		SccProjectName2 = CSharp1.Capitulo04.HelloWorld
		SccLocalPath2 = CSharp1.Capitulo04.HelloWorld
		SccProjectUniqueName3 = CSharp1.Capitulo06.Clientes\\CSharp1.Capitulo06.Clientes.csproj
		SccProjectTopLevelParentUniqueName3 = ImpactaCSharp1.sln
		SccProjectName3 = CSharp1.Capitulo06.Clientes
		SccLocalPath3 = CSharp1.Capitulo06.Clientes
		SccProjectUniqueName4 = CSharp1.Capitulo09.InternetSpy.WindowsForms\\CSharp1.Capitulo09.InternetSpy.WindowsForms.csproj
		SccProjectTopLevelParentUniqueName4 = ImpactaCSharp1.sln
		SccProjectName4 = CSharp1.Capitulo09.InternetSpy.WindowsForms
		SccLocalPath4 = CSharp1.Capitulo09.InternetSpy.WindowsForms
		SccProjectUniqueName5 = CSharp1.Capitulo09.Produtos.Wpf\\CSharp1.Capitulo09.Produtos.Wpf.csproj
		SccProjectTopLevelParentUniqueName5 = ImpactaCSharp1.sln
		SccProjectName5 = CSharp1.Capitulo09.Produtos.Wpf
		SccLocalPath5 = CSharp1.Capitulo09.Produtos.Wpf
		SccProjectUniqueName6 = CSharp1.Capitulo09.WindowsService\\CSharp1.Capitulo09.InternetSpy.WindowsService.csproj
		SccProjectTopLevelParentUniqueName6 = ImpactaCSharp1.sln
		SccProjectName6 = CSharp1.Capitulo09.WindowsService
		SccLocalPath6 = CSharp1.Capitulo09.WindowsService
		SccProjectUniqueName7 = CSharp1.Capitulo11.Eventos\\CSharp1.Capitulo11.Eventos.csproj
		SccProjectTopLevelParentUniqueName7 = ImpactaCSharp1.sln
		SccProjectName7 = CSharp1.Capitulo11.Eventos
		SccLocalPath7 = CSharp1.Capitulo11.Eventos
		SccProjectUniqueName8 = Impacta.Capitulo01.HelloWorld\\Impacta.Capitulo01.HelloWorld.csproj
		SccProjectName8 = Impacta.Capitulo01.HelloWorld
		SccLocalPath8 = Impacta.Capitulo01.HelloWorld
		SccProjectUniqueName9 = Impacta.Capitulo02.Alertas\\Impacta.Capitulo02.Lembretes.csproj
		SccProjectName9 = Impacta.Capitulo02.Alertas
		SccLocalPath9 = Impacta.Capitulo02.Alertas
		SccProjectUniqueName10 = Impacta.Capitulo02.Visualizador\\Impacta.Capitulo02.Visualizador.csproj
		SccProjectTopLevelParentUniqueName10 = ImpactaCSharp1.sln
		SccProjectName10 = Impacta.Capitulo02.Visualizador
		SccLocalPath10 = Impacta.Capitulo02.Visualizador
		SccProjectUniqueName11 = Impacta.Capitulo03.Medias.OO\\Impacta.Capitulo03.Medias.OO.csproj
		SccProjectName11 = Impacta.Capitulo03.Medias.OO
		SccLocalPath11 = Impacta.Capitulo03.Medias.OO
		SccProjectUniqueName12 = Impacta.Capitulo03.Medias\\Impacta.Capitulo03.Medias.csproj
		SccProjectTopLevelParentUniqueName12 = ImpactaCSharp1.sln
		SccProjectName12 = Impacta.Capitulo03.Medias
		SccLocalPath12 = Impacta.Capitulo03.Medias
		SccProjectUniqueName13 = Impacta.Capitulo03.Operadores\\Impacta.Capitulo03.Operadores.csproj
		SccProjectName13 = Impacta.Capitulo03.Operadores
		SccLocalPath13 = Impacta.Capitulo03.Operadores
		SccProjectUniqueName14 = Impacta.Capitulo04.Frete\\Impacta.Capitulo04.Frete.csproj
		SccProjectTopLevelParentUniqueName14 = ImpactaCSharp1.sln
		SccProjectName14 = Impacta.Capitulo04.Frete
		SccLocalPath14 = Impacta.Capitulo04.Frete
		SccProjectUniqueName15 = Impacta.Capitulo04.Repeticao.Teste\\Impacta.Capitulo04.Repeticao.Teste.csproj
		SccProjectTopLevelParentUniqueName15 = ImpactaCSharp1.sln
		SccProjectName15 = Impacta.Capitulo04.Repeticao.Teste
		SccLocalPath15 = Impacta.Capitulo04.Repeticao.Teste
		SccProjectUniqueName16 = Impacta.Capitulo07.Consumo\\Impacta.Capitulo07.Consumo.csproj
		SccProjectTopLevelParentUniqueName16 = ImpactaCSharp1.sln
		SccProjectName16 = Impacta.Capitulo07.Consumo
		SccLocalPath16 = Impacta.Capitulo07.Consumo
		SccProjectUniqueName17 = Impacta.Capitulo08.ValorReferencia.Teste\\Impacta.Capitulo08.ValorReferencia.Teste.csproj
		SccProjectTopLevelParentUniqueName17 = ImpactaCSharp1.sln
		SccProjectName17 = Impacta.Capitulo08.ValorReferencia.Teste
		SccLocalPath17 = Impacta.Capitulo08.ValorReferencia.Teste
		SccProjectUniqueName18 = Impacta.Capitulo09.GC\\Impacta.Capitulo09.GC.csproj
		SccProjectName18 = Impacta.Capitulo09.GC
		SccLocalPath18 = Impacta.Capitulo09.GC
		SccProjectUniqueName19 = Impacta.Capitulo09.Produtos\\CSharp1.Capitulo09.Produtos.csproj
		SccProjectTopLevelParentUniqueName19 = ImpactaCSharp1.sln
		SccProjectName19 = Impacta.Capitulo09.Produtos
		SccLocalPath19 = Impacta.Capitulo09.Produtos
		SccProjectUniqueName20 = Impacta.Capitulo10.Delegates\\Impacta.Capitulo10.Delegates.csproj
		SccProjectName20 = Impacta.Capitulo10.Delegates
		SccLocalPath20 = Impacta.Capitulo10.Delegates
		SccProjectUniqueName21 = Impacta.Capitulo10.Eventos.Starter\\CSharp1.Capitulo11.Eventos.Starter.csproj
		SccProjectName21 = Impacta.Capitulo10.Eventos.Starter
		SccLocalPath21 = Impacta.Capitulo10.Eventos.Starter
		SccProjectUniqueName22 = Impacta.Capitulo10.Eventos\\Impacta.Capitulo10.Eventos.csproj
		SccProjectName22 = Impacta.Capitulo10.Eventos
		SccLocalPath22 = Impacta.Capitulo10.Eventos
		SccProjectUniqueName23 = Impacta.Dominio.Teste\\Impacta.Dominio.Teste.csproj
		SccProjectTopLevelParentUniqueName23 = ImpactaCSharp1.sln
		SccProjectName23 = Impacta.Dominio.Teste
		SccLocalPath23 = Impacta.Dominio.Teste
		SccProjectUniqueName24 = Impacta.Dominio\\Impacta.Dominio.csproj
		SccProjectName24 = Impacta.Dominio
		SccLocalPath24 = Impacta.Dominio
		SccProjectUniqueName25 = Impacta.Infra.Apoio.Testes\\Impacta.Infra.Apoio.Testes.csproj
		SccProjectTopLevelParentUniqueName25 = ImpactaCSharp1.sln
		SccProjectName25 = Impacta.Infra.Apoio.Testes
		SccLocalPath25 = Impacta.Infra.Apoio.Testes
		SccProjectUniqueName26 = Impacta.Infra.Apoio\\Impacta.Infra.Apoio.csproj
		SccProjectName26 = Impacta.Infra.Apoio
		SccLocalPath26 = Impacta.Infra.Apoio
		SccProjectUniqueName27 = Impacta.Infra.Repositorios.MsOffice\\Impacta.Infra.Repositorios.MsOffice.csproj
		SccProjectName27 = Impacta.Infra.Repositorios.MsOffice
		SccLocalPath27 = Impacta.Infra.Repositorios.MsOffice
		SccProjectUniqueName28 = Impacta.Infra.Repositorios.SistemaDeArquivos.Testes\\Impacta.Infra.Repositorios.SistemaDeArquivos.Testes.csproj
		SccProjectTopLevelParentUniqueName28 = ImpactaCSharp1.sln
		SccProjectName28 = Impacta.Infra.Repositorios.SistemaDeArquivos.Testes
		SccLocalPath28 = Impacta.Infra.Repositorios.SistemaDeArquivos.Testes
		SccProjectUniqueName29 = Impacta.Infra.Repositorios.SistemaDeArquivos\\Impacta.Infra.Repositorios.SistemaDeArquivos.csproj
		SccProjectName29 = Impacta.Infra.Repositorios.SistemaDeArquivos
		SccLocalPath29 = Impacta.Infra.Repositorios.SistemaDeArquivos
		SccProjectUniqueName30 = Impacta.Infra.Repositorios.SqlServer\\Impacta.Infra.Repositorios.SqlServer.csproj
		SccProjectName30 = Impacta.Infra.Repositorios.SqlServer
		SccLocalPath30 = Impacta.Infra.Repositorios.SqlServer
		SccProjectUniqueName31 = CSharp1.Capitulo04.Fretes\\CSharp1.Capitulo04.Fretes.csproj
		SccProjectTopLevelParentUniqueName31 = ImpactaCSharp1.sln
		SccProjectName31 = CSharp1.Capitulo04.Fretes
		SccLocalPath31 = CSharp1.Capitulo04.Fretes
		SccProjectUniqueName32 = Impacta.Infra.Repositorios.MsOffice.Testes\\Impacta.Infra.Repositorios.MsOffice.Testes.csproj
		SccProjectTopLevelParentUniqueName32 = ImpactaCSharp1.sln
		SccProjectName32 = Impacta.Infra.Repositorios.MsOffice.Testes
		SccLocalPath32 = Impacta.Infra.Repositorios.MsOffice.Testes
		SccProjectUniqueName33 = CSharp1.Capitulo03.Troco\\CSharp1.Capitulo03.Troco.csproj
		SccProjectTopLevelParentUniqueName33 = ImpactaCSharp1.sln
		SccProjectName33 = CSharp1.Capitulo03.Troco
		SccLocalPath33 = CSharp1.Capitulo03.Troco
		SccProjectUniqueName34 = Impacta.Capitulo04.Tabuada\\CSharp1.Capitulo05.Tabuada.csproj
		SccProjectTopLevelParentUniqueName34 = ImpactaCSharp1.sln
		SccProjectName34 = Impacta.Capitulo04.Tabuada
		SccLocalPath34 = Impacta.Capitulo04.Tabuada
		SccProjectUniqueName35 = CSharp1.Capitulo08.Vetores\\CSharp1.Capitulo08.Vetores.Testes.csproj
		SccProjectTopLevelParentUniqueName35 = ImpactaCSharp1.sln
		SccProjectName35 = CSharp1.Capitulo08.Vetores
		SccLocalPath35 = CSharp1.Capitulo08.Vetores
		SccProjectUniqueName36 = CSharp1.Capitulo09.Colecoes.Testes\\CSharp1.Capitulo09.Colecoes.Testes.csproj
		SccProjectTopLevelParentUniqueName36 = ImpactaCSharp1.sln
		SccProjectName36 = CSharp1.Capitulo09.Colecoes.Testes
		SccLocalPath36 = CSharp1.Capitulo09.Colecoes.Testes
		SccProjectUniqueName37 = CSharp1.Capitulo11.Veiculos\\CSharp1.Capitulo11.Veiculos.csproj
		SccProjectTopLevelParentUniqueName37 = ImpactaCSharp1.sln
		SccProjectName37 = CSharp1.Capitulo11.Veiculos
		SccLocalPath37 = CSharp1.Capitulo11.Veiculos
		SccProjectUniqueName38 = DescarteSeguroTestes\\DescarteSeguro.Testes.csproj
		SccProjectTopLevelParentUniqueName38 = ImpactaCSharp1.sln
		SccProjectName38 = DescarteSeguroTestes
		SccLocalPath38 = DescarteSeguroTestes
	EndGlobalSection
	GlobalSection(SolutionConfigurationPlatforms) = preSolution
		Debug|Any CPU = Debug|Any CPU
		Debug|Mixed Platforms = Debug|Mixed Platforms
		Debug|x86 = Debug|x86
		Release|Any CPU = Release|Any CPU
		Release|Mixed Platforms = Release|Mixed Platforms
		Release|x86 = Release|x86
	EndGlobalSection
	GlobalSection(ProjectConfigurationPlatforms) = postSolution
		{3548537F-DDD5-4E83-80C1-206FBDD58B84}.Debug|Any CPU.ActiveCfg = Debug|Any CPU
		{3548537F-DDD5-4E83-80C1-206FBDD58B84}.Debug|Any CPU.Build.0 = Debug|Any CPU
		{3548537F-DDD5-4E83-80C1-206FBDD58B84}.Debug|Mixed Platforms.ActiveCfg = Debug|Any CPU
		{3548537F-DDD5-4E83-80C1-206FBDD58B84}.Debug|Mixed Platforms.Build.0 = Debug|Any CPU
		{3548537F-DDD5-4E83-80C1-206FBDD58B84}.Debug|x86.ActiveCfg = Debug|Any CPU
		{3548537F-DDD5-4E83-80C1-206FBDD58B84}.Release|Any CPU.ActiveCfg = Release|Any CPU
		{3548537F-DDD5-4E83-80C1-206FBDD58B84}.Release|Any CPU.Build.0 = Release|Any CPU
		{3548537F-DDD5-4E83-80C1-206FBDD58B84}.Release|Mixed Platforms.ActiveCfg = Release|Any CPU
		{3548537F-DDD5-4E83-80C1-206FBDD58B84}.Release|Mixed Platforms.Build.0 = Release|Any CPU
		{3548537F-DDD5-4E83-80C1-206FBDD58B84}.Release|x86.ActiveCfg = Release|Any CPU
		{46733213-C601-4A1E-B3A7-5464B2751689}.Debug|Any CPU.ActiveCfg = Debug|Any CPU
		{46733213-C601-4A1E-B3A7-5464B2751689}.Debug|Any CPU.Build.0 = Debug|Any CPU
		{46733213-C601-4A1E-B3A7-5464B2751689}.Debug|Mixed Platforms.ActiveCfg = Debug|Any CPU
		{46733213-C601-4A1E-B3A7-5464B2751689}.Debug|Mixed Platforms.Build.0 = Debug|Any CPU
		{46733213-C601-4A1E-B3A7-5464B2751689}.Debug|x86.ActiveCfg = Debug|Any CPU
		{46733213-C601-4A1E-B3A7-5464B2751689}.Release|Any CPU.ActiveCfg = Release|Any CPU
		{46733213-C601-4A1E-B3A7-5464B2751689}.Release|Any CPU.Build.0 = Release|Any CPU
		{46733213-C601-4A1E-B3A7-5464B2751689}.Release|Mixed Platforms.ActiveCfg = Release|Any CPU
		{46733213-C601-4A1E-B3A7-5464B2751689}.Release|Mixed Platforms.Build.0 = Release|Any CPU
		{46733213-C601-4A1E-B3A7-5464B2751689}.Release|x86.ActiveCfg = Release|Any CPU
		{6A85C814-7FB5-45A2-A3CC-E22F38480269}.Debug|Any CPU.ActiveCfg = Debug|Any CPU
		{6A85C814-7FB5-45A2-A3CC-E22F38480269}.Debug|Any CPU.Build.0 = Debug|Any CPU
		{6A85C814-7FB5-45A2-A3CC-E22F38480269}.Debug|Mixed Platforms.ActiveCfg = Debug|Any CPU
		{6A85C814-7FB5-45A2-A3CC-E22F38480269}.Debug|Mixed Platforms.Build.0 = Debug|Any CPU
		{6A85C814-7FB5-45A2-A3CC-E22F38480269}.Debug|x86.ActiveCfg = Debug|Any CPU
		{6A85C814-7FB5-45A2-A3CC-E22F38480269}.Release|Any CPU.ActiveCfg = Release|Any CPU
		{6A85C814-7FB5-45A2-A3CC-E22F38480269}.Release|Any CPU.Build.0 = Release|Any CPU
		{6A85C814-7FB5-45A2-A3CC-E22F38480269}.Release|Mixed Platforms.ActiveCfg = Release|Any CPU
		{6A85C814-7FB5-45A2-A3CC-E22F38480269}.Release|Mixed Platforms.Build.0 = Release|Any CPU
		{6A85C814-7FB5-45A2-A3CC-E22F38480269}.Release|x86.ActiveCfg = Release|Any CPU
		{029BB895-E97F-4632-A6EE-B1CF7F3704B1}.Debug|Any CPU.ActiveCfg = Debug|Any CPU
		{029BB895-E97F-4632-A6EE-B1CF7F3704B1}.Debug|Any CPU.Build.0 = Debug|Any CPU
		{029BB895-E97F-4632-A6EE-B1CF7F3704B1}.Debug|Mixed Platforms.ActiveCfg = Debug|Any CPU
		{029BB895-E97F-4632-A6EE-B1CF7F3704B1}.Debug|Mixed Platforms.Build.0 = Debug|Any CPU
		{029BB895-E97F-4632-A6EE-B1CF7F3704B1}.Debug|x86.ActiveCfg = Debug|Any CPU
		{029BB895-E97F-4632-A6EE-B1CF7F3704B1}.Release|Any CPU.ActiveCfg = Release|Any CPU
		{029BB895-E97F-4632-A6EE-B1CF7F3704B1}.Release|Any CPU.Build.0 = Release|Any CPU
		{029BB895-E97F-4632-A6EE-B1CF7F3704B1}.Release|Mixed Platforms.ActiveCfg = Release|Any CPU
		{029BB895-E97F-4632-A6EE-B1CF7F3704B1}.Release|Mixed Platforms.Build.0 = Release|Any CPU
		{029BB895-E97F-4632-A6EE-B1CF7F3704B1}.Release|x86.ActiveCfg = Release|Any CPU
		{A8A0D70D-4016-4E83-869F-5728F06E55CF}.Debug|Any CPU.ActiveCfg = Debug|Any CPU
		{A8A0D70D-4016-4E83-869F-5728F06E55CF}.Debug|Any CPU.Build.0 = Debug|Any CPU
		{A8A0D70D-4016-4E83-869F-5728F06E55CF}.Debug|Mixed Platforms.ActiveCfg = Debug|Any CPU
		{A8A0D70D-4016-4E83-869F-5728F06E55CF}.Debug|Mixed Platforms.Build.0 = Debug|Any CPU
		{A8A0D70D-4016-4E83-869F-5728F06E55CF}.Debug|x86.ActiveCfg = Debug|Any CPU
		{A8A0D70D-4016-4E83-869F-5728F06E55CF}.Release|Any CPU.ActiveCfg = Release|Any CPU
		{A8A0D70D-4016-4E83-869F-5728F06E55CF}.Release|Any CPU.Build.0 = Release|Any CPU
		{A8A0D70D-4016-4E83-869F-5728F06E55CF}.Release|Mixed Platforms.ActiveCfg = Release|Any CPU
		{A8A0D70D-4016-4E83-869F-5728F06E55CF}.Release|Mixed Platforms.Build.0 = Release|Any CPU
		{A8A0D70D-4016-4E83-869F-5728F06E55CF}.Release|x86.ActiveCfg = Release|Any CPU
		{6A88B189-5BD9-4097-AD47-76AB6CE7D61F}.Debug|Any CPU.ActiveCfg = Debug|Any CPU
		{6A88B189-5BD9-4097-AD47-76AB6CE7D61F}.Debug|Any CPU.Build.0 = Debug|Any CPU
		{6A88B189-5BD9-4097-AD47-76AB6CE7D61F}.Debug|Mixed Platforms.ActiveCfg = Debug|Any CPU
		{6A88B189-5BD9-4097-AD47-76AB6CE7D61F}.Debug|Mixed Platforms.Build.0 = Debug|Any CPU
		{6A88B189-5BD9-4097-AD47-76AB6CE7D61F}.Debug|x86.ActiveCfg = Debug|Any CPU
		{6A88B189-5BD9-4097-AD47-76AB6CE7D61F}.Release|Any CPU.ActiveCfg = Release|Any CPU
		{6A88B189-5BD9-4097-AD47-76AB6CE7D61F}.Release|Any CPU.Build.0 = Release|Any CPU
		{6A88B189-5BD9-4097-AD47-76AB6CE7D61F}.Release|Mixed Platforms.ActiveCfg = Release|Any CPU
		{6A88B189-5BD9-4097-AD47-76AB6CE7D61F}.Release|Mixed Platforms.Build.0 = Release|Any CPU
		{6A88B189-5BD9-4097-AD47-76AB6CE7D61F}.Release|x86.ActiveCfg = Release|Any CPU
		{FD6F45C4-9958-4EDE-A068-BE52DBDC1DB8}.Debug|Any CPU.ActiveCfg = Debug|Any CPU
		{FD6F45C4-9958-4EDE-A068-BE52DBDC1DB8}.Debug|Any CPU.Build.0 = Debug|Any CPU
		{FD6F45C4-9958-4EDE-A068-BE52DBDC1DB8}.Debug|Mixed Platforms.ActiveCfg = Debug|Any CPU
		{FD6F45C4-9958-4EDE-A068-BE52DBDC1DB8}.Debug|Mixed Platforms.Build.0 = Debug|Any CPU
		{FD6F45C4-9958-4EDE-A068-BE52DBDC1DB8}.Debug|x86.ActiveCfg = Debug|Any CPU
		{FD6F45C4-9958-4EDE-A068-BE52DBDC1DB8}.Release|Any CPU.ActiveCfg = Release|Any CPU
		{FD6F45C4-9958-4EDE-A068-BE52DBDC1DB8}.Release|Any CPU.Build.0 = Release|Any CPU
		{FD6F45C4-9958-4EDE-A068-BE52DBDC1DB8}.Release|Mixed Platforms.ActiveCfg = Release|Any CPU
		{FD6F45C4-9958-4EDE-A068-BE52DBDC1DB8}.Release|Mixed Platforms.Build.0 = Release|Any CPU
		{FD6F45C4-9958-4EDE-A068-BE52DBDC1DB8}.Release|x86.ActiveCfg = Release|Any CPU
		{15E6B672-ACAB-497F-810C-1C3EDD7E7C10}.Debug|Any CPU.ActiveCfg = Debug|Any CPU
		{15E6B672-ACAB-497F-810C-1C3EDD7E7C10}.Debug|Any CPU.Build.0 = Debug|Any CPU
		{15E6B672-ACAB-497F-810C-1C3EDD7E7C10}.Debug|Mixed Platforms.ActiveCfg = Debug|Any CPU
		{15E6B672-ACAB-497F-810C-1C3EDD7E7C10}.Debug|Mixed Platforms.Build.0 = Debug|Any CPU
		{15E6B672-ACAB-497F-810C-1C3EDD7E7C10}.Debug|x86.ActiveCfg = Debug|Any CPU
		{15E6B672-ACAB-497F-810C-1C3EDD7E7C10}.Release|Any CPU.ActiveCfg = Release|Any CPU
		{15E6B672-ACAB-497F-810C-1C3EDD7E7C10}.Release|Any CPU.Build.0 = Release|Any CPU
		{15E6B672-ACAB-497F-810C-1C3EDD7E7C10}.Release|Mixed Platforms.ActiveCfg = Release|Any CPU
		{15E6B672-ACAB-497F-810C-1C3EDD7E7C10}.Release|Mixed Platforms.Build.0 = Release|Any CPU
		{15E6B672-ACAB-497F-810C-1C3EDD7E7C10}.Release|x86.ActiveCfg = Release|Any CPU
		{51360CD8-377F-4A2D-A297-814E6DA2D741}.Debug|Any CPU.ActiveCfg = Debug|Any CPU
		{51360CD8-377F-4A2D-A297-814E6DA2D741}.Debug|Any CPU.Build.0 = Debug|Any CPU
		{51360CD8-377F-4A2D-A297-814E6DA2D741}.Debug|Mixed Platforms.ActiveCfg = Debug|Any CPU
		{51360CD8-377F-4A2D-A297-814E6DA2D741}.Debug|Mixed Platforms.Build.0 = Debug|Any CPU
		{51360CD8-377F-4A2D-A297-814E6DA2D741}.Debug|x86.ActiveCfg = Debug|Any CPU
		{51360CD8-377F-4A2D-A297-814E6DA2D741}.Release|Any CPU.ActiveCfg = Release|Any CPU
		{51360CD8-377F-4A2D-A297-814E6DA2D741}.Release|Any CPU.Build.0 = Release|Any CPU
		{51360CD8-377F-4A2D-A297-814E6DA2D741}.Release|Mixed Platforms.ActiveCfg = Release|Any CPU
		{51360CD8-377F-4A2D-A297-814E6DA2D741}.Release|Mixed Platforms.Build.0 = Release|Any CPU
		{51360CD8-377F-4A2D-A297-814E6DA2D741}.Release|x86.ActiveCfg = Release|Any CPU
		{4A908D16-267E-4D3A-B0A8-0D1C7F0501B3}.Debug|Any CPU.ActiveCfg = Debug|Any CPU
		{4A908D16-267E-4D3A-B0A8-0D1C7F0501B3}.Debug|Any CPU.Build.0 = Debug|Any CPU
		{4A908D16-267E-4D3A-B0A8-0D1C7F0501B3}.Debug|Mixed Platforms.ActiveCfg = Debug|Any CPU
		{4A908D16-267E-4D3A-B0A8-0D1C7F0501B3}.Debug|Mixed Platforms.Build.0 = Debug|Any CPU
		{4A908D16-267E-4D3A-B0A8-0D1C7F0501B3}.Debug|x86.ActiveCfg = Debug|Any CPU
		{4A908D16-267E-4D3A-B0A8-0D1C7F0501B3}.Release|Any CPU.ActiveCfg = Release|Any CPU
		{4A908D16-267E-4D3A-B0A8-0D1C7F0501B3}.Release|Any CPU.Build.0 = Release|Any CPU
		{4A908D16-267E-4D3A-B0A8-0D1C7F0501B3}.Release|Mixed Platforms.ActiveCfg = Release|Any CPU
		{4A908D16-267E-4D3A-B0A8-0D1C7F0501B3}.Release|Mixed Platforms.Build.0 = Release|Any CPU
		{4A908D16-267E-4D3A-B0A8-0D1C7F0501B3}.Release|x86.ActiveCfg = Release|Any CPU
		{07592283-A1AC-4CDA-985C-1027BEFBDD7A}.Debug|Any CPU.ActiveCfg = Debug|Any CPU
		{07592283-A1AC-4CDA-985C-1027BEFBDD7A}.Debug|Any CPU.Build.0 = Debug|Any CPU
		{07592283-A1AC-4CDA-985C-1027BEFBDD7A}.Debug|Mixed Platforms.ActiveCfg = Debug|Any CPU
		{07592283-A1AC-4CDA-985C-1027BEFBDD7A}.Debug|Mixed Platforms.Build.0 = Debug|Any CPU
		{07592283-A1AC-4CDA-985C-1027BEFBDD7A}.Debug|x86.ActiveCfg = Debug|Any CPU
		{07592283-A1AC-4CDA-985C-1027BEFBDD7A}.Release|Any CPU.ActiveCfg = Release|Any CPU
		{07592283-A1AC-4CDA-985C-1027BEFBDD7A}.Release|Any CPU.Build.0 = Release|Any CPU
		{07592283-A1AC-4CDA-985C-1027BEFBDD7A}.Release|Mixed Platforms.ActiveCfg = Release|Any CPU
		{07592283-A1AC-4CDA-985C-1027BEFBDD7A}.Release|Mixed Platforms.Build.0 = Release|Any CPU
		{07592283-A1AC-4CDA-985C-1027BEFBDD7A}.Release|x86.ActiveCfg = Release|Any CPU
		{A48B6647-DDA6-49BB-91EB-CBF30E86F66F}.Debug|Any CPU.ActiveCfg = Debug|Any CPU
		{A48B6647-DDA6-49BB-91EB-CBF30E86F66F}.Debug|Any CPU.Build.0 = Debug|Any CPU
		{A48B6647-DDA6-49BB-91EB-CBF30E86F66F}.Debug|Mixed Platforms.ActiveCfg = Debug|Any CPU
		{A48B6647-DDA6-49BB-91EB-CBF30E86F66F}.Debug|Mixed Platforms.Build.0 = Debug|Any CPU
		{A48B6647-DDA6-49BB-91EB-CBF30E86F66F}.Debug|x86.ActiveCfg = Debug|Any CPU
		{A48B6647-DDA6-49BB-91EB-CBF30E86F66F}.Release|Any CPU.ActiveCfg = Release|Any CPU
		{A48B6647-DDA6-49BB-91EB-CBF30E86F66F}.Release|Any CPU.Build.0 = Release|Any CPU
		{A48B6647-DDA6-49BB-91EB-CBF30E86F66F}.Release|Mixed Platforms.ActiveCfg = Release|Any CPU
		{A48B6647-DDA6-49BB-91EB-CBF30E86F66F}.Release|Mixed Platforms.Build.0 = Release|Any CPU
		{A48B6647-DDA6-49BB-91EB-CBF30E86F66F}.Release|x86.ActiveCfg = Release|Any CPU
		{F35EFFF8-4157-4158-BFD3-01FC0207791B}.Debug|Any CPU.ActiveCfg = Debug|Any CPU
		{F35EFFF8-4157-4158-BFD3-01FC0207791B}.Debug|Any CPU.Build.0 = Debug|Any CPU
		{F35EFFF8-4157-4158-BFD3-01FC0207791B}.Debug|Mixed Platforms.ActiveCfg = Debug|Any CPU
		{F35EFFF8-4157-4158-BFD3-01FC0207791B}.Debug|Mixed Platforms.Build.0 = Debug|Any CPU
		{F35EFFF8-4157-4158-BFD3-01FC0207791B}.Debug|x86.ActiveCfg = Debug|Any CPU
		{F35EFFF8-4157-4158-BFD3-01FC0207791B}.Release|Any CPU.ActiveCfg = Release|Any CPU
		{F35EFFF8-4157-4158-BFD3-01FC0207791B}.Release|Any CPU.Build.0 = Release|Any CPU
		{F35EFFF8-4157-4158-BFD3-01FC0207791B}.Release|Mixed Platforms.ActiveCfg = Release|Any CPU
		{F35EFFF8-4157-4158-BFD3-01FC0207791B}.Release|Mixed Platforms.Build.0 = Release|Any CPU
		{F35EFFF8-4157-4158-BFD3-01FC0207791B}.Release|x86.ActiveCfg = Release|Any CPU
		{D06025EE-9491-4BE9-9DAD-FC67CB0E735C}.Debug|Any CPU.ActiveCfg = Debug|Any CPU
		{D06025EE-9491-4BE9-9DAD-FC67CB0E735C}.Debug|Any CPU.Build.0 = Debug|Any CPU
		{D06025EE-9491-4BE9-9DAD-FC67CB0E735C}.Debug|Mixed Platforms.ActiveCfg = Debug|Any CPU
		{D06025EE-9491-4BE9-9DAD-FC67CB0E735C}.Debug|Mixed Platforms.Build.0 = Debug|Any CPU
		{D06025EE-9491-4BE9-9DAD-FC67CB0E735C}.Debug|x86.ActiveCfg = Debug|Any CPU
		{D06025EE-9491-4BE9-9DAD-FC67CB0E735C}.Release|Any CPU.ActiveCfg = Release|Any CPU
		{D06025EE-9491-4BE9-9DAD-FC67CB0E735C}.Release|Any CPU.Build.0 = Release|Any CPU
		{D06025EE-9491-4BE9-9DAD-FC67CB0E735C}.Release|Mixed Platforms.ActiveCfg = Release|Any CPU
		{D06025EE-9491-4BE9-9DAD-FC67CB0E735C}.Release|Mixed Platforms.Build.0 = Release|Any CPU
		{D06025EE-9491-4BE9-9DAD-FC67CB0E735C}.Release|x86.ActiveCfg = Release|Any CPU
		{4FF7DE70-F716-41A9-9486-ADA4855BBD88}.Debug|Any CPU.ActiveCfg = Debug|Any CPU
		{4FF7DE70-F716-41A9-9486-ADA4855BBD88}.Debug|Any CPU.Build.0 = Debug|Any CPU
		{4FF7DE70-F716-41A9-9486-ADA4855BBD88}.Debug|Mixed Platforms.ActiveCfg = Debug|Any CPU
		{4FF7DE70-F716-41A9-9486-ADA4855BBD88}.Debug|Mixed Platforms.Build.0 = Debug|Any CPU
		{4FF7DE70-F716-41A9-9486-ADA4855BBD88}.Debug|x86.ActiveCfg = Debug|Any CPU
		{4FF7DE70-F716-41A9-9486-ADA4855BBD88}.Release|Any CPU.ActiveCfg = Release|Any CPU
		{4FF7DE70-F716-41A9-9486-ADA4855BBD88}.Release|Any CPU.Build.0 = Release|Any CPU
		{4FF7DE70-F716-41A9-9486-ADA4855BBD88}.Release|Mixed Platforms.ActiveCfg = Release|Any CPU
		{4FF7DE70-F716-41A9-9486-ADA4855BBD88}.Release|Mixed Platforms.Build.0 = Release|Any CPU
		{4FF7DE70-F716-41A9-9486-ADA4855BBD88}.Release|x86.ActiveCfg = Release|Any CPU
		{F789FFCE-08B7-4414-9355-9E7E57190035}.Debug|Any CPU.ActiveCfg = Debug|Any CPU
		{F789FFCE-08B7-4414-9355-9E7E57190035}.Debug|Any CPU.Build.0 = Debug|Any CPU
		{F789FFCE-08B7-4414-9355-9E7E57190035}.Debug|Mixed Platforms.ActiveCfg = Debug|Any CPU
		{F789FFCE-08B7-4414-9355-9E7E57190035}.Debug|Mixed Platforms.Build.0 = Debug|Any CPU
		{F789FFCE-08B7-4414-9355-9E7E57190035}.Debug|x86.ActiveCfg = Debug|Any CPU
		{F789FFCE-08B7-4414-9355-9E7E57190035}.Release|Any CPU.ActiveCfg = Release|Any CPU
		{F789FFCE-08B7-4414-9355-9E7E57190035}.Release|Any CPU.Build.0 = Release|Any CPU
		{F789FFCE-08B7-4414-9355-9E7E57190035}.Release|Mixed Platforms.ActiveCfg = Release|Any CPU
		{F789FFCE-08B7-4414-9355-9E7E57190035}.Release|Mixed Platforms.Build.0 = Release|Any CPU
		{F789FFCE-08B7-4414-9355-9E7E57190035}.Release|x86.ActiveCfg = Release|Any CPU
		{F8CED8F8-594E-42F8-81A7-09B2C1E29E5E}.Debug|Any CPU.ActiveCfg = Debug|x86
		{F8CED8F8-594E-42F8-81A7-09B2C1E29E5E}.Debug|Mixed Platforms.ActiveCfg = Debug|x86
		{F8CED8F8-594E-42F8-81A7-09B2C1E29E5E}.Debug|Mixed Platforms.Build.0 = Debug|x86
		{F8CED8F8-594E-42F8-81A7-09B2C1E29E5E}.Debug|x86.ActiveCfg = Debug|x86
		{F8CED8F8-594E-42F8-81A7-09B2C1E29E5E}.Debug|x86.Build.0 = Debug|x86
		{F8CED8F8-594E-42F8-81A7-09B2C1E29E5E}.Release|Any CPU.ActiveCfg = Release|x86
		{F8CED8F8-594E-42F8-81A7-09B2C1E29E5E}.Release|Mixed Platforms.ActiveCfg = Release|x86
		{F8CED8F8-594E-42F8-81A7-09B2C1E29E5E}.Release|Mixed Platforms.Build.0 = Release|x86
		{F8CED8F8-594E-42F8-81A7-09B2C1E29E5E}.Release|x86.ActiveCfg = Release|x86
		{F8CED8F8-594E-42F8-81A7-09B2C1E29E5E}.Release|x86.Build.0 = Release|x86
		{89E094ED-372D-45F7-AE27-D3E774C7576C}.Debug|Any CPU.ActiveCfg = Debug|x86
		{89E094ED-372D-45F7-AE27-D3E774C7576C}.Debug|Mixed Platforms.ActiveCfg = Debug|x86
		{89E094ED-372D-45F7-AE27-D3E774C7576C}.Debug|Mixed Platforms.Build.0 = Debug|x86
		{89E094ED-372D-45F7-AE27-D3E774C7576C}.Debug|x86.ActiveCfg = Debug|x86
		{89E094ED-372D-45F7-AE27-D3E774C7576C}.Debug|x86.Build.0 = Debug|x86
		{89E094ED-372D-45F7-AE27-D3E774C7576C}.Release|Any CPU.ActiveCfg = Release|x86
		{89E094ED-372D-45F7-AE27-D3E774C7576C}.Release|Mixed Platforms.ActiveCfg = Release|x86
		{89E094ED-372D-45F7-AE27-D3E774C7576C}.Release|Mixed Platforms.Build.0 = Release|x86
		{89E094ED-372D-45F7-AE27-D3E774C7576C}.Release|x86.ActiveCfg = Release|x86
		{89E094ED-372D-45F7-AE27-D3E774C7576C}.Release|x86.Build.0 = Release|x86
		{D8EC703C-7845-45E7-85DD-7A4997BBB52D}.Debug|Any CPU.ActiveCfg = Debug|x86
		{D8EC703C-7845-45E7-85DD-7A4997BBB52D}.Debug|Mixed Platforms.ActiveCfg = Debug|x86
		{D8EC703C-7845-45E7-85DD-7A4997BBB52D}.Debug|Mixed Platforms.Build.0 = Debug|x86
		{D8EC703C-7845-45E7-85DD-7A4997BBB52D}.Debug|x86.ActiveCfg = Debug|x86
		{D8EC703C-7845-45E7-85DD-7A4997BBB52D}.Debug|x86.Build.0 = Debug|x86
		{D8EC703C-7845-45E7-85DD-7A4997BBB52D}.Release|Any CPU.ActiveCfg = Release|x86
		{D8EC703C-7845-45E7-85DD-7A4997BBB52D}.Release|Mixed Platforms.ActiveCfg = Release|x86
		{D8EC703C-7845-45E7-85DD-7A4997BBB52D}.Release|Mixed Platforms.Build.0 = Release|x86
		{D8EC703C-7845-45E7-85DD-7A4997BBB52D}.Release|x86.ActiveCfg = Release|x86
		{D8EC703C-7845-45E7-85DD-7A4997BBB52D}.Release|x86.Build.0 = Release|x86
		{B07AAC5D-8A83-4D05-B2BC-86385A36BB9F}.Debug|Any CPU.ActiveCfg = Debug|Any CPU
		{B07AAC5D-8A83-4D05-B2BC-86385A36BB9F}.Debug|Any CPU.Build.0 = Debug|Any CPU
		{B07AAC5D-8A83-4D05-B2BC-86385A36BB9F}.Debug|Mixed Platforms.ActiveCfg = Debug|Any CPU
		{B07AAC5D-8A83-4D05-B2BC-86385A36BB9F}.Debug|Mixed Platforms.Build.0 = Debug|Any CPU
		{B07AAC5D-8A83-4D05-B2BC-86385A36BB9F}.Debug|x86.ActiveCfg = Debug|Any CPU
		{B07AAC5D-8A83-4D05-B2BC-86385A36BB9F}.Release|Any CPU.ActiveCfg = Release|Any CPU
		{B07AAC5D-8A83-4D05-B2BC-86385A36BB9F}.Release|Any CPU.Build.0 = Release|Any CPU
		{B07AAC5D-8A83-4D05-B2BC-86385A36BB9F}.Release|Mixed Platforms.ActiveCfg = Release|Any CPU
		{B07AAC5D-8A83-4D05-B2BC-86385A36BB9F}.Release|Mixed Platforms.Build.0 = Release|Any CPU
		{B07AAC5D-8A83-4D05-B2BC-86385A36BB9F}.Release|x86.ActiveCfg = Release|Any CPU
		{4A080079-941B-41C5-9D8D-F20A4A0CCCAD}.Debug|Any CPU.ActiveCfg = Debug|x86
		{4A080079-941B-41C5-9D8D-F20A4A0CCCAD}.Debug|Mixed Platforms.ActiveCfg = Debug|x86
		{4A080079-941B-41C5-9D8D-F20A4A0CCCAD}.Debug|Mixed Platforms.Build.0 = Debug|x86
		{4A080079-941B-41C5-9D8D-F20A4A0CCCAD}.Debug|x86.ActiveCfg = Debug|x86
		{4A080079-941B-41C5-9D8D-F20A4A0CCCAD}.Debug|x86.Build.0 = Debug|x86
		{4A080079-941B-41C5-9D8D-F20A4A0CCCAD}.Release|Any CPU.ActiveCfg = Release|x86
		{4A080079-941B-41C5-9D8D-F20A4A0CCCAD}.Release|Mixed Platforms.ActiveCfg = Release|x86
		{4A080079-941B-41C5-9D8D-F20A4A0CCCAD}.Release|Mixed Platforms.Build.0 = Release|x86
		{4A080079-941B-41C5-9D8D-F20A4A0CCCAD}.Release|x86.ActiveCfg = Release|x86
		{4A080079-941B-41C5-9D8D-F20A4A0CCCAD}.Release|x86.Build.0 = Release|x86
		{E31FE144-68C8-4CD6-B85D-4DFA24C3358A}.Debug|Any CPU.ActiveCfg = Debug|Any CPU
		{E31FE144-68C8-4CD6-B85D-4DFA24C3358A}.Debug|Any CPU.Build.0 = Debug|Any CPU
		{E31FE144-68C8-4CD6-B85D-4DFA24C3358A}.Debug|Mixed Platforms.ActiveCfg = Debug|Any CPU
		{E31FE144-68C8-4CD6-B85D-4DFA24C3358A}.Debug|Mixed Platforms.Build.0 = Debug|Any CPU
		{E31FE144-68C8-4CD6-B85D-4DFA24C3358A}.Debug|x86.ActiveCfg = Debug|Any CPU
		{E31FE144-68C8-4CD6-B85D-4DFA24C3358A}.Release|Any CPU.ActiveCfg = Release|Any CPU
		{E31FE144-68C8-4CD6-B85D-4DFA24C3358A}.Release|Any CPU.Build.0 = Release|Any CPU
		{E31FE144-68C8-4CD6-B85D-4DFA24C3358A}.Release|Mixed Platforms.ActiveCfg = Release|Any CPU
		{E31FE144-68C8-4CD6-B85D-4DFA24C3358A}.Release|Mixed Platforms.Build.0 = Release|Any CPU
		{E31FE144-68C8-4CD6-B85D-4DFA24C3358A}.Release|x86.ActiveCfg = Release|Any CPU
		{81330947-8EC3-4717-A061-BBC34A6C1C5D}.Debug|Any CPU.ActiveCfg = Debug|x86
		{81330947-8EC3-4717-A061-BBC34A6C1C5D}.Debug|Mixed Platforms.ActiveCfg = Debug|x86
		{81330947-8EC3-4717-A061-BBC34A6C1C5D}.Debug|Mixed Platforms.Build.0 = Debug|x86
		{81330947-8EC3-4717-A061-BBC34A6C1C5D}.Debug|x86.ActiveCfg = Debug|x86
		{81330947-8EC3-4717-A061-BBC34A6C1C5D}.Debug|x86.Build.0 = Debug|x86
		{81330947-8EC3-4717-A061-BBC34A6C1C5D}.Release|Any CPU.ActiveCfg = Release|x86
		{81330947-8EC3-4717-A061-BBC34A6C1C5D}.Release|Mixed Platforms.ActiveCfg = Release|x86
		{81330947-8EC3-4717-A061-BBC34A6C1C5D}.Release|Mixed Platforms.Build.0 = Release|x86
		{81330947-8EC3-4717-A061-BBC34A6C1C5D}.Release|x86.ActiveCfg = Release|x86
		{81330947-8EC3-4717-A061-BBC34A6C1C5D}.Release|x86.Build.0 = Release|x86
		{DD3879A5-7432-4A0A-886C-D96BAE16B33C}.Debug|Any CPU.ActiveCfg = Debug|Any CPU
		{DD3879A5-7432-4A0A-886C-D96BAE16B33C}.Debug|Any CPU.Build.0 = Debug|Any CPU
		{DD3879A5-7432-4A0A-886C-D96BAE16B33C}.Debug|Mixed Platforms.ActiveCfg = Debug|Any CPU
		{DD3879A5-7432-4A0A-886C-D96BAE16B33C}.Debug|Mixed Platforms.Build.0 = Debug|Any CPU
		{DD3879A5-7432-4A0A-886C-D96BAE16B33C}.Debug|x86.ActiveCfg = Debug|Any CPU
		{DD3879A5-7432-4A0A-886C-D96BAE16B33C}.Release|Any CPU.ActiveCfg = Release|Any CPU
		{DD3879A5-7432-4A0A-886C-D96BAE16B33C}.Release|Any CPU.Build.0 = Release|Any CPU
		{DD3879A5-7432-4A0A-886C-D96BAE16B33C}.Release|Mixed Platforms.ActiveCfg = Release|Any CPU
		{DD3879A5-7432-4A0A-886C-D96BAE16B33C}.Release|Mixed Platforms.Build.0 = Release|Any CPU
		{DD3879A5-7432-4A0A-886C-D96BAE16B33C}.Release|x86.ActiveCfg = Release|Any CPU
		{8D555A9B-76BF-44C2-8B29-AD28F753B38C}.Debug|Any CPU.ActiveCfg = Debug|Any CPU
		{8D555A9B-76BF-44C2-8B29-AD28F753B38C}.Debug|Any CPU.Build.0 = Debug|Any CPU
		{8D555A9B-76BF-44C2-8B29-AD28F753B38C}.Debug|Mixed Platforms.ActiveCfg = Debug|Any CPU
		{8D555A9B-76BF-44C2-8B29-AD28F753B38C}.Debug|Mixed Platforms.Build.0 = Debug|Any CPU
		{8D555A9B-76BF-44C2-8B29-AD28F753B38C}.Debug|x86.ActiveCfg = Debug|Any CPU
		{8D555A9B-76BF-44C2-8B29-AD28F753B38C}.Release|Any CPU.ActiveCfg = Release|Any CPU
		{8D555A9B-76BF-44C2-8B29-AD28F753B38C}.Release|Any CPU.Build.0 = Release|Any CPU
		{8D555A9B-76BF-44C2-8B29-AD28F753B38C}.Release|Mixed Platforms.ActiveCfg = Release|Any CPU
		{8D555A9B-76BF-44C2-8B29-AD28F753B38C}.Release|Mixed Platforms.Build.0 = Release|Any CPU
		{8D555A9B-76BF-44C2-8B29-AD28F753B38C}.Release|x86.ActiveCfg = Release|Any CPU
		{CBB46217-4B10-4B47-A511-8D5343922364}.Debug|Any CPU.ActiveCfg = Debug|Any CPU
		{CBB46217-4B10-4B47-A511-8D5343922364}.Debug|Any CPU.Build.0 = Debug|Any CPU
		{CBB46217-4B10-4B47-A511-8D5343922364}.Debug|Mixed Platforms.ActiveCfg = Debug|Any CPU
		{CBB46217-4B10-4B47-A511-8D5343922364}.Debug|Mixed Platforms.Build.0 = Debug|Any CPU
		{CBB46217-4B10-4B47-A511-8D5343922364}.Debug|x86.ActiveCfg = Debug|Any CPU
		{CBB46217-4B10-4B47-A511-8D5343922364}.Release|Any CPU.ActiveCfg = Release|Any CPU
		{CBB46217-4B10-4B47-A511-8D5343922364}.Release|Any CPU.Build.0 = Release|Any CPU
		{CBB46217-4B10-4B47-A511-8D5343922364}.Release|Mixed Platforms.ActiveCfg = Release|Any CPU
		{CBB46217-4B10-4B47-A511-8D5343922364}.Release|Mixed Platforms.Build.0 = Release|Any CPU
		{CBB46217-4B10-4B47-A511-8D5343922364}.Release|x86.ActiveCfg = Release|Any CPU
		{009EBBEF-FB64-4B05-812D-903534E3E3DB}.Debug|Any CPU.ActiveCfg = Debug|Any CPU
		{009EBBEF-FB64-4B05-812D-903534E3E3DB}.Debug|Any CPU.Build.0 = Debug|Any CPU
		{009EBBEF-FB64-4B05-812D-903534E3E3DB}.Debug|Mixed Platforms.ActiveCfg = Debug|Any CPU
		{009EBBEF-FB64-4B05-812D-903534E3E3DB}.Debug|Mixed Platforms.Build.0 = Debug|Any CPU
		{009EBBEF-FB64-4B05-812D-903534E3E3DB}.Debug|x86.ActiveCfg = Debug|Any CPU
		{009EBBEF-FB64-4B05-812D-903534E3E3DB}.Release|Any CPU.ActiveCfg = Release|Any CPU
		{009EBBEF-FB64-4B05-812D-903534E3E3DB}.Release|Any CPU.Build.0 = Release|Any CPU
		{009EBBEF-FB64-4B05-812D-903534E3E3DB}.Release|Mixed Platforms.ActiveCfg = Release|Any CPU
		{009EBBEF-FB64-4B05-812D-903534E3E3DB}.Release|Mixed Platforms.Build.0 = Release|Any CPU
		{009EBBEF-FB64-4B05-812D-903534E3E3DB}.Release|x86.ActiveCfg = Release|Any CPU
		{D95916A9-095F-426D-83AD-CB40629277CD}.Debug|Any CPU.ActiveCfg = Debug|x86
		{D95916A9-095F-426D-83AD-CB40629277CD}.Debug|Mixed Platforms.ActiveCfg = Debug|x86
		{D95916A9-095F-426D-83AD-CB40629277CD}.Debug|Mixed Platforms.Build.0 = Debug|x86
		{D95916A9-095F-426D-83AD-CB40629277CD}.Debug|x86.ActiveCfg = Debug|x86
		{D95916A9-095F-426D-83AD-CB40629277CD}.Debug|x86.Build.0 = Debug|x86
		{D95916A9-095F-426D-83AD-CB40629277CD}.Release|Any CPU.ActiveCfg = Release|x86
		{D95916A9-095F-426D-83AD-CB40629277CD}.Release|Mixed Platforms.ActiveCfg = Release|x86
		{D95916A9-095F-426D-83AD-CB40629277CD}.Release|Mixed Platforms.Build.0 = Release|x86
		{D95916A9-095F-426D-83AD-CB40629277CD}.Release|x86.ActiveCfg = Release|x86
		{D95916A9-095F-426D-83AD-CB40629277CD}.Release|x86.Build.0 = Release|x86
		{58AFC2D7-60F4-4747-A630-E869144A030A}.Debug|Any CPU.ActiveCfg = Debug|Any CPU
		{58AFC2D7-60F4-4747-A630-E869144A030A}.Debug|Any CPU.Build.0 = Debug|Any CPU
		{58AFC2D7-60F4-4747-A630-E869144A030A}.Debug|Mixed Platforms.ActiveCfg = Debug|Any CPU
		{58AFC2D7-60F4-4747-A630-E869144A030A}.Debug|Mixed Platforms.Build.0 = Debug|Any CPU
		{58AFC2D7-60F4-4747-A630-E869144A030A}.Debug|x86.ActiveCfg = Debug|Any CPU
		{58AFC2D7-60F4-4747-A630-E869144A030A}.Release|Any CPU.ActiveCfg = Release|Any CPU
		{58AFC2D7-60F4-4747-A630-E869144A030A}.Release|Any CPU.Build.0 = Release|Any CPU
		{58AFC2D7-60F4-4747-A630-E869144A030A}.Release|Mixed Platforms.ActiveCfg = Release|Any CPU
		{58AFC2D7-60F4-4747-A630-E869144A030A}.Release|Mixed Platforms.Build.0 = Release|Any CPU
		{58AFC2D7-60F4-4747-A630-E869144A030A}.Release|x86.ActiveCfg = Release|Any CPU
		{A274910B-2ECD-4FD9-B08C-2EE58E8C2811}.Debug|Any CPU.ActiveCfg = Debug|x86
		{A274910B-2ECD-4FD9-B08C-2EE58E8C2811}.Debug|Mixed Platforms.ActiveCfg = Debug|x86
		{A274910B-2ECD-4FD9-B08C-2EE58E8C2811}.Debug|Mixed Platforms.Build.0 = Debug|x86
		{A274910B-2ECD-4FD9-B08C-2EE58E8C2811}.Debug|x86.ActiveCfg = Debug|x86
		{A274910B-2ECD-4FD9-B08C-2EE58E8C2811}.Debug|x86.Build.0 = Debug|x86
		{A274910B-2ECD-4FD9-B08C-2EE58E8C2811}.Release|Any CPU.ActiveCfg = Release|x86
		{A274910B-2ECD-4FD9-B08C-2EE58E8C2811}.Release|Mixed Platforms.ActiveCfg = Release|x86
		{A274910B-2ECD-4FD9-B08C-2EE58E8C2811}.Release|Mixed Platforms.Build.0 = Release|x86
		{A274910B-2ECD-4FD9-B08C-2EE58E8C2811}.Release|x86.ActiveCfg = Release|x86
		{A274910B-2ECD-4FD9-B08C-2EE58E8C2811}.Release|x86.Build.0 = Release|x86
		{47755644-FB6D-4CBD-863F-5BC1D4DAE818}.Debug|Any CPU.ActiveCfg = Debug|Any CPU
		{47755644-FB6D-4CBD-863F-5BC1D4DAE818}.Debug|Any CPU.Build.0 = Debug|Any CPU
		{47755644-FB6D-4CBD-863F-5BC1D4DAE818}.Debug|Mixed Platforms.ActiveCfg = Debug|Any CPU
		{47755644-FB6D-4CBD-863F-5BC1D4DAE818}.Debug|Mixed Platforms.Build.0 = Debug|Any CPU
		{47755644-FB6D-4CBD-863F-5BC1D4DAE818}.Debug|x86.ActiveCfg = Debug|Any CPU
		{47755644-FB6D-4CBD-863F-5BC1D4DAE818}.Release|Any CPU.ActiveCfg = Release|Any CPU
		{47755644-FB6D-4CBD-863F-5BC1D4DAE818}.Release|Any CPU.Build.0 = Release|Any CPU
		{47755644-FB6D-4CBD-863F-5BC1D4DAE818}.Release|Mixed Platforms.ActiveCfg = Release|Any CPU
		{47755644-FB6D-4CBD-863F-5BC1D4DAE818}.Release|Mixed Platforms.Build.0 = Release|Any CPU
		{47755644-FB6D-4CBD-863F-5BC1D4DAE818}.Release|x86.ActiveCfg = Release|Any CPU
		{5F1CDF6B-059F-40F4-81D4-0688D55E7B69}.Debug|Any CPU.ActiveCfg = Debug|x86
		{5F1CDF6B-059F-40F4-81D4-0688D55E7B69}.Debug|Mixed Platforms.ActiveCfg = Debug|x86
		{5F1CDF6B-059F-40F4-81D4-0688D55E7B69}.Debug|Mixed Platforms.Build.0 = Debug|x86
		{5F1CDF6B-059F-40F4-81D4-0688D55E7B69}.Debug|x86.ActiveCfg = Debug|x86
		{5F1CDF6B-059F-40F4-81D4-0688D55E7B69}.Debug|x86.Build.0 = Debug|x86
		{5F1CDF6B-059F-40F4-81D4-0688D55E7B69}.Release|Any CPU.ActiveCfg = Release|x86
		{5F1CDF6B-059F-40F4-81D4-0688D55E7B69}.Release|Mixed Platforms.ActiveCfg = Release|x86
		{5F1CDF6B-059F-40F4-81D4-0688D55E7B69}.Release|Mixed Platforms.Build.0 = Release|x86
		{5F1CDF6B-059F-40F4-81D4-0688D55E7B69}.Release|x86.ActiveCfg = Release|x86
		{5F1CDF6B-059F-40F4-81D4-0688D55E7B69}.Release|x86.Build.0 = Release|x86
		{6547D32C-F95A-4C13-9941-EF28AE05F3D9}.Debug|Any CPU.ActiveCfg = Debug|Any CPU
		{6547D32C-F95A-4C13-9941-EF28AE05F3D9}.Debug|Any CPU.Build.0 = Debug|Any CPU
		{6547D32C-F95A-4C13-9941-EF28AE05F3D9}.Debug|Mixed Platforms.ActiveCfg = Debug|Any CPU
		{6547D32C-F95A-4C13-9941-EF28AE05F3D9}.Debug|Mixed Platforms.Build.0 = Debug|Any CPU
		{6547D32C-F95A-4C13-9941-EF28AE05F3D9}.Debug|x86.ActiveCfg = Debug|Any CPU
		{6547D32C-F95A-4C13-9941-EF28AE05F3D9}.Release|Any CPU.ActiveCfg = Release|Any CPU
		{6547D32C-F95A-4C13-9941-EF28AE05F3D9}.Release|Any CPU.Build.0 = Release|Any CPU
		{6547D32C-F95A-4C13-9941-EF28AE05F3D9}.Release|Mixed Platforms.ActiveCfg = Release|Any CPU
		{6547D32C-F95A-4C13-9941-EF28AE05F3D9}.Release|Mixed Platforms.Build.0 = Release|Any CPU
		{6547D32C-F95A-4C13-9941-EF28AE05F3D9}.Release|x86.ActiveCfg = Release|Any CPU
		{DB61641F-BBE1-40C4-9C62-4AD6C25665C2}.Debug|Any CPU.ActiveCfg = Debug|Any CPU
		{DB61641F-BBE1-40C4-9C62-4AD6C25665C2}.Debug|Any CPU.Build.0 = Debug|Any CPU
		{DB61641F-BBE1-40C4-9C62-4AD6C25665C2}.Debug|Mixed Platforms.ActiveCfg = Debug|Any CPU
		{DB61641F-BBE1-40C4-9C62-4AD6C25665C2}.Debug|Mixed Platforms.Build.0 = Debug|Any CPU
		{DB61641F-BBE1-40C4-9C62-4AD6C25665C2}.Debug|x86.ActiveCfg = Debug|Any CPU
		{DB61641F-BBE1-40C4-9C62-4AD6C25665C2}.Release|Any CPU.ActiveCfg = Release|Any CPU
		{DB61641F-BBE1-40C4-9C62-4AD6C25665C2}.Release|Any CPU.Build.0 = Release|Any CPU
		{DB61641F-BBE1-40C4-9C62-4AD6C25665C2}.Release|Mixed Platforms.ActiveCfg = Release|Any CPU
		{DB61641F-BBE1-40C4-9C62-4AD6C25665C2}.Release|Mixed Platforms.Build.0 = Release|Any CPU
		{DB61641F-BBE1-40C4-9C62-4AD6C25665C2}.Release|x86.ActiveCfg = Release|Any CPU
		{F3B89E34-E281-4F9F-BEB2-C628D6577B17}.Debug|Any CPU.ActiveCfg = Debug|Any CPU
		{F3B89E34-E281-4F9F-BEB2-C628D6577B17}.Debug|Any CPU.Build.0 = Debug|Any CPU
		{F3B89E34-E281-4F9F-BEB2-C628D6577B17}.Debug|Mixed Platforms.ActiveCfg = Debug|Any CPU
		{F3B89E34-E281-4F9F-BEB2-C628D6577B17}.Debug|Mixed Platforms.Build.0 = Debug|Any CPU
		{F3B89E34-E281-4F9F-BEB2-C628D6577B17}.Debug|x86.ActiveCfg = Debug|Any CPU
		{F3B89E34-E281-4F9F-BEB2-C628D6577B17}.Release|Any CPU.ActiveCfg = Release|Any CPU
		{F3B89E34-E281-4F9F-BEB2-C628D6577B17}.Release|Any CPU.Build.0 = Release|Any CPU
		{F3B89E34-E281-4F9F-BEB2-C628D6577B17}.Release|Mixed Platforms.ActiveCfg = Release|Any CPU
		{F3B89E34-E281-4F9F-BEB2-C628D6577B17}.Release|Mixed Platforms.Build.0 = Release|Any CPU
		{F3B89E34-E281-4F9F-BEB2-C628D6577B17}.Release|x86.ActiveCfg = Release|Any CPU
		{1F101D47-27D5-439B-887F-BA5AEC97994E}.Debug|Any CPU.ActiveCfg = Debug|Any CPU
		{1F101D47-27D5-439B-887F-BA5AEC97994E}.Debug|Any CPU.Build.0 = Debug|Any CPU
		{1F101D47-27D5-439B-887F-BA5AEC97994E}.Debug|Mixed Platforms.ActiveCfg = Debug|Any CPU
		{1F101D47-27D5-439B-887F-BA5AEC97994E}.Debug|Mixed Platforms.Build.0 = Debug|Any CPU
		{1F101D47-27D5-439B-887F-BA5AEC97994E}.Debug|x86.ActiveCfg = Debug|Any CPU
		{1F101D47-27D5-439B-887F-BA5AEC97994E}.Release|Any CPU.ActiveCfg = Release|Any CPU
		{1F101D47-27D5-439B-887F-BA5AEC97994E}.Release|Any CPU.Build.0 = Release|Any CPU
		{1F101D47-27D5-439B-887F-BA5AEC97994E}.Release|Mixed Platforms.ActiveCfg = Release|Any CPU
		{1F101D47-27D5-439B-887F-BA5AEC97994E}.Release|Mixed Platforms.Build.0 = Release|Any CPU
		{1F101D47-27D5-439B-887F-BA5AEC97994E}.Release|x86.ActiveCfg = Release|Any CPU
		{B86F0AC7-4B7A-41B6-A687-8E39D206D38B}.Debug|Any CPU.ActiveCfg = Debug|Any CPU
		{B86F0AC7-4B7A-41B6-A687-8E39D206D38B}.Debug|Any CPU.Build.0 = Debug|Any CPU
		{B86F0AC7-4B7A-41B6-A687-8E39D206D38B}.Debug|Mixed Platforms.ActiveCfg = Debug|Any CPU
		{B86F0AC7-4B7A-41B6-A687-8E39D206D38B}.Debug|Mixed Platforms.Build.0 = Debug|Any CPU
		{B86F0AC7-4B7A-41B6-A687-8E39D206D38B}.Debug|x86.ActiveCfg = Debug|Any CPU
		{B86F0AC7-4B7A-41B6-A687-8E39D206D38B}.Release|Any CPU.ActiveCfg = Release|Any CPU
		{B86F0AC7-4B7A-41B6-A687-8E39D206D38B}.Release|Any CPU.Build.0 = Release|Any CPU
		{B86F0AC7-4B7A-41B6-A687-8E39D206D38B}.Release|Mixed Platforms.ActiveCfg = Release|Any CPU
		{B86F0AC7-4B7A-41B6-A687-8E39D206D38B}.Release|Mixed Platforms.Build.0 = Release|Any CPU
		{B86F0AC7-4B7A-41B6-A687-8E39D206D38B}.Release|x86.ActiveCfg = Release|Any CPU
		{BF32EBE7-0622-4C7F-99A8-063C798B55F0}.Debug|Any CPU.ActiveCfg = Debug|Any CPU
		{BF32EBE7-0622-4C7F-99A8-063C798B55F0}.Debug|Any CPU.Build.0 = Debug|Any CPU
		{BF32EBE7-0622-4C7F-99A8-063C798B55F0}.Debug|Mixed Platforms.ActiveCfg = Debug|Any CPU
		{BF32EBE7-0622-4C7F-99A8-063C798B55F0}.Debug|Mixed Platforms.Build.0 = Debug|Any CPU
		{BF32EBE7-0622-4C7F-99A8-063C798B55F0}.Debug|x86.ActiveCfg = Debug|Any CPU
		{BF32EBE7-0622-4C7F-99A8-063C798B55F0}.Release|Any CPU.ActiveCfg = Release|Any CPU
		{BF32EBE7-0622-4C7F-99A8-063C798B55F0}.Release|Any CPU.Build.0 = Release|Any CPU
		{BF32EBE7-0622-4C7F-99A8-063C798B55F0}.Release|Mixed Platforms.ActiveCfg = Release|Any CPU
		{BF32EBE7-0622-4C7F-99A8-063C798B55F0}.Release|Mixed Platforms.Build.0 = Release|Any CPU
		{BF32EBE7-0622-4C7F-99A8-063C798B55F0}.Release|x86.ActiveCfg = Release|Any CPU
	EndGlobalSection
	GlobalSection(SolutionProperties) = preSolution
		HideSolutionNode = FALSE
	EndGlobalSection
	GlobalSection(NestedProjects) = preSolution
		{46733213-C601-4A1E-B3A7-5464B2751689} = {58F5243B-3BDB-437B-AEE3-E80C83790294}
		{A8A0D70D-4016-4E83-869F-5728F06E55CF} = {58F5243B-3BDB-437B-AEE3-E80C83790294}
		{6A88B189-5BD9-4097-AD47-76AB6CE7D61F} = {58F5243B-3BDB-437B-AEE3-E80C83790294}
		{15E6B672-ACAB-497F-810C-1C3EDD7E7C10} = {58F5243B-3BDB-437B-AEE3-E80C83790294}
		{51360CD8-377F-4A2D-A297-814E6DA2D741} = {B52D37B3-6D4B-4F5A-9FF2-56BEC4CC6421}
		{A48B6647-DDA6-49BB-91EB-CBF30E86F66F} = {58F5243B-3BDB-437B-AEE3-E80C83790294}
		{F35EFFF8-4157-4158-BFD3-01FC0207791B} = {B52D37B3-6D4B-4F5A-9FF2-56BEC4CC6421}
		{D06025EE-9491-4BE9-9DAD-FC67CB0E735C} = {B52D37B3-6D4B-4F5A-9FF2-56BEC4CC6421}
		{F8CED8F8-594E-42F8-81A7-09B2C1E29E5E} = {58F5243B-3BDB-437B-AEE3-E80C83790294}
		{D8EC703C-7845-45E7-85DD-7A4997BBB52D} = {58F5243B-3BDB-437B-AEE3-E80C83790294}
		{4A080079-941B-41C5-9D8D-F20A4A0CCCAD} = {58F5243B-3BDB-437B-AEE3-E80C83790294}
		{E31FE144-68C8-4CD6-B85D-4DFA24C3358A} = {B52D37B3-6D4B-4F5A-9FF2-56BEC4CC6421}
		{81330947-8EC3-4717-A061-BBC34A6C1C5D} = {58F5243B-3BDB-437B-AEE3-E80C83790294}
		{CBB46217-4B10-4B47-A511-8D5343922364} = {58F5243B-3BDB-437B-AEE3-E80C83790294}
		{D95916A9-095F-426D-83AD-CB40629277CD} = {58F5243B-3BDB-437B-AEE3-E80C83790294}
		{A274910B-2ECD-4FD9-B08C-2EE58E8C2811} = {58F5243B-3BDB-437B-AEE3-E80C83790294}
		{47755644-FB6D-4CBD-863F-5BC1D4DAE818} = {B52D37B3-6D4B-4F5A-9FF2-56BEC4CC6421}
		{5F1CDF6B-059F-40F4-81D4-0688D55E7B69} = {58F5243B-3BDB-437B-AEE3-E80C83790294}
		{6547D32C-F95A-4C13-9941-EF28AE05F3D9} = {B52D37B3-6D4B-4F5A-9FF2-56BEC4CC6421}
		{DB61641F-BBE1-40C4-9C62-4AD6C25665C2} = {58F5243B-3BDB-437B-AEE3-E80C83790294}
		{F3B89E34-E281-4F9F-BEB2-C628D6577B17} = {B52D37B3-6D4B-4F5A-9FF2-56BEC4CC6421}
		{1F101D47-27D5-439B-887F-BA5AEC97994E} = {B52D37B3-6D4B-4F5A-9FF2-56BEC4CC6421}
		{B86F0AC7-4B7A-41B6-A687-8E39D206D38B} = {58F5243B-3BDB-437B-AEE3-E80C83790294}
		{BF32EBE7-0622-4C7F-99A8-063C798B55F0} = {B52D37B3-6D4B-4F5A-9FF2-56BEC4CC6421}
	EndGlobalSection
	GlobalSection(TestCaseManagementSettings) = postSolution
		CategoryFile = ImpactaCSharp15.vsmdi
	EndGlobalSection
EndGlobal
